// !$*UTF8*$!
{
	archiveVersion = 1;
	classes = {
	};
	objectVersion = 55;
	objects = {

/* Begin PBXBuildFile section */
		C700194F286767BF006DF35C /* ImageCacheTest.swift in Sources */ = {isa = PBXBuildFile; fileRef = C700194E286767BF006DF35C /* ImageCacheTest.swift */; };
		C719F9592867373B001A8024 /* AppDelegate.swift in Sources */ = {isa = PBXBuildFile; fileRef = C719F9582867373B001A8024 /* AppDelegate.swift */; };
		C719F95B2867373B001A8024 /* SceneDelegate.swift in Sources */ = {isa = PBXBuildFile; fileRef = C719F95A2867373B001A8024 /* SceneDelegate.swift */; };
		C719F9622867373C001A8024 /* Assets.xcassets in Resources */ = {isa = PBXBuildFile; fileRef = C719F9612867373C001A8024 /* Assets.xcassets */; };
		C719F9652867373C001A8024 /* LaunchScreen.storyboard in Resources */ = {isa = PBXBuildFile; fileRef = C719F9632867373C001A8024 /* LaunchScreen.storyboard */; };
		C719F97A2867373C001A8024 /* FlickrUITests.swift in Sources */ = {isa = PBXBuildFile; fileRef = C719F9792867373C001A8024 /* FlickrUITests.swift */; };
		C719F97C2867373C001A8024 /* FlickrUITestsLaunchTests.swift in Sources */ = {isa = PBXBuildFile; fileRef = C719F97B2867373C001A8024 /* FlickrUITestsLaunchTests.swift */; };
		C719F98B286737BD001A8024 /* GalleryController.swift in Sources */ = {isa = PBXBuildFile; fileRef = C719F98A286737BD001A8024 /* GalleryController.swift */; };
		C719F98F28673A01001A8024 /* ImageCell.swift in Sources */ = {isa = PBXBuildFile; fileRef = C719F98E28673A01001A8024 /* ImageCell.swift */; };
		C719F99428673B32001A8024 /* IGalleryPresenter.swift in Sources */ = {isa = PBXBuildFile; fileRef = C719F99328673B32001A8024 /* IGalleryPresenter.swift */; };
		C719F99628673B5D001A8024 /* GalleryPresenter.swift in Sources */ = {isa = PBXBuildFile; fileRef = C719F99528673B5D001A8024 /* GalleryPresenter.swift */; };
		C719F99A28673BD3001A8024 /* IGalleryView.swift in Sources */ = {isa = PBXBuildFile; fileRef = C719F99928673BD3001A8024 /* IGalleryView.swift */; };
		C719F99E28673D10001A8024 /* GalleryAssembly.swift in Sources */ = {isa = PBXBuildFile; fileRef = C719F99D28673D10001A8024 /* GalleryAssembly.swift */; };
		C719F9A328673DB8001A8024 /* IFlickrService.swift in Sources */ = {isa = PBXBuildFile; fileRef = C719F9A228673DB8001A8024 /* IFlickrService.swift */; };
		C719F9A528673DDA001A8024 /* FlickrService.swift in Sources */ = {isa = PBXBuildFile; fileRef = C719F9A428673DDA001A8024 /* FlickrService.swift */; };
		C719F9A828673E6E001A8024 /* FlickrPhoto.swift in Sources */ = {isa = PBXBuildFile; fileRef = C719F9A728673E6E001A8024 /* FlickrPhoto.swift */; };
		C719F9AA28673EF7001A8024 /* FlickrPhotos.swift in Sources */ = {isa = PBXBuildFile; fileRef = C719F9A928673EF7001A8024 /* FlickrPhotos.swift */; };
		C719F9AC28673F0F001A8024 /* FetchPhotosResult.swift in Sources */ = {isa = PBXBuildFile; fileRef = C719F9AB28673F0F001A8024 /* FetchPhotosResult.swift */; };
		C719F9AF286741D3001A8024 /* Errors.swift in Sources */ = {isa = PBXBuildFile; fileRef = C719F9AE286741D3001A8024 /* Errors.swift */; };
		C719F9B2286744BC001A8024 /* BaseViewController.swift in Sources */ = {isa = PBXBuildFile; fileRef = C719F9B1286744BC001A8024 /* BaseViewController.swift */; };
		C719F9B42867467B001A8024 /* ImageLoader.swift in Sources */ = {isa = PBXBuildFile; fileRef = C719F9B32867467B001A8024 /* ImageLoader.swift */; };
		C719F9B628674691001A8024 /* IImageLoader.swift in Sources */ = {isa = PBXBuildFile; fileRef = C719F9B528674691001A8024 /* IImageLoader.swift */; };
		C719F9B828674A8C001A8024 /* IImageCache.swift in Sources */ = {isa = PBXBuildFile; fileRef = C719F9B728674A8C001A8024 /* IImageCache.swift */; };
		C719F9BA28674AAD001A8024 /* ImageCache.swift in Sources */ = {isa = PBXBuildFile; fileRef = C719F9B928674AAD001A8024 /* ImageCache.swift */; };
		C719F9BC28674D36001A8024 /* CacheExexutor.swift in Sources */ = {isa = PBXBuildFile; fileRef = C719F9BB28674D36001A8024 /* CacheExexutor.swift */; };
		C719F9BE28674D7F001A8024 /* PrepareForLoadingService.swift in Sources */ = {isa = PBXBuildFile; fileRef = C719F9BD28674D7F001A8024 /* PrepareForLoadingService.swift */; };
		C719F9C32867541C001A8024 /* IDetailsImageViewAssembly.swift in Sources */ = {isa = PBXBuildFile; fileRef = C719F9C22867541C001A8024 /* IDetailsImageViewAssembly.swift */; };
		C719F9C52867542F001A8024 /* DetailsImageViewAssembly.swift in Sources */ = {isa = PBXBuildFile; fileRef = C719F9C42867542F001A8024 /* DetailsImageViewAssembly.swift */; };
		C719F9C728675458001A8024 /* DetailsViewModel.swift in Sources */ = {isa = PBXBuildFile; fileRef = C719F9C628675458001A8024 /* DetailsViewModel.swift */; };
		C719F9CB28675494001A8024 /* IImageDetailView.swift in Sources */ = {isa = PBXBuildFile; fileRef = C719F9CA28675494001A8024 /* IImageDetailView.swift */; };
		C719F9CD286754A6001A8024 /* ImageDetailViewController.swift in Sources */ = {isa = PBXBuildFile; fileRef = C719F9CC286754A6001A8024 /* ImageDetailViewController.swift */; };
		C719F9D1286754E0001A8024 /* IImageDetailViewPresenter.swift in Sources */ = {isa = PBXBuildFile; fileRef = C719F9D0286754E0001A8024 /* IImageDetailViewPresenter.swift */; };
		C719F9D3286754F2001A8024 /* ImageDetailViewPresenter.swift in Sources */ = {isa = PBXBuildFile; fileRef = C719F9D2286754F2001A8024 /* ImageDetailViewPresenter.swift */; };
		C719F9D628675592001A8024 /* MainGalleryRouter.swift in Sources */ = {isa = PBXBuildFile; fileRef = C719F9D528675592001A8024 /* MainGalleryRouter.swift */; };
		C719F9D9286755B2001A8024 /* IMainGalleryRouter.swift in Sources */ = {isa = PBXBuildFile; fileRef = C719F9D8286755B2001A8024 /* IMainGalleryRouter.swift */; };
		C74CF6662867AADF00461D6C /* CacheExexutorMock.swift in Sources */ = {isa = PBXBuildFile; fileRef = C74CF6652867AADF00461D6C /* CacheExexutorMock.swift */; };
		C74CF6682867AB9E00461D6C /* ImageLoaderMock.swift in Sources */ = {isa = PBXBuildFile; fileRef = C74CF6672867AB9E00461D6C /* ImageLoaderMock.swift */; };
		C74CF66E2867AC0100461D6C /* PrepareForLoadingServiceTest.swift in Sources */ = {isa = PBXBuildFile; fileRef = C74CF66D2867AC0100461D6C /* PrepareForLoadingServiceTest.swift */; };
		C74CF6702867B20500461D6C /* GalleryPresenterMock.swift in Sources */ = {isa = PBXBuildFile; fileRef = C74CF66F2867B20500461D6C /* GalleryPresenterMock.swift */; };
		C74CF6722867B24500461D6C /* GalleryViewMock.swift in Sources */ = {isa = PBXBuildFile; fileRef = C74CF6712867B24500461D6C /* GalleryViewMock.swift */; };
		C74CF6742867B28600461D6C /* ImageDetailViewMock.swift in Sources */ = {isa = PBXBuildFile; fileRef = C74CF6732867B28600461D6C /* ImageDetailViewMock.swift */; };
		C74CF6762867B2C200461D6C /* ImageDetailViewPresenterMock.swift in Sources */ = {isa = PBXBuildFile; fileRef = C74CF6752867B2C200461D6C /* ImageDetailViewPresenterMock.swift */; };
		C74CF678286856F900461D6C /* GalleryControllerTest.swift in Sources */ = {isa = PBXBuildFile; fileRef = C74CF677286856F900461D6C /* GalleryControllerTest.swift */; };
		C777B61D2868B05C00F28077 /* GalleryPresenterTest.swift in Sources */ = {isa = PBXBuildFile; fileRef = C777B61C2868B05C00F28077 /* GalleryPresenterTest.swift */; };
		C777B6212868B16C00F28077 /* FlickrServiceMock.swift in Sources */ = {isa = PBXBuildFile; fileRef = C777B6202868B16C00F28077 /* FlickrServiceMock.swift */; };
		C777B6232868B1DB00F28077 /* MainGalleryRouterMock.swift in Sources */ = {isa = PBXBuildFile; fileRef = C777B6222868B1DB00F28077 /* MainGalleryRouterMock.swift */; };
		C777B6262868B31C00F28077 /* FlickrPhotoStubs.swift in Sources */ = {isa = PBXBuildFile; fileRef = C777B6252868B31C00F28077 /* FlickrPhotoStubs.swift */; };
		C7A18874286A059D0098FD51 /* TestError.swift in Sources */ = {isa = PBXBuildFile; fileRef = C7A18873286A059C0098FD51 /* TestError.swift */; };
		C7A18876286A06170098FD51 /* GalleryControllerUITest.swift in Sources */ = {isa = PBXBuildFile; fileRef = C7A18875286A06170098FD51 /* GalleryControllerUITest.swift */; };
		C7A18878286A12960098FD51 /* ImageDetailViewControllerTest.swift in Sources */ = {isa = PBXBuildFile; fileRef = C7A18877286A12950098FD51 /* ImageDetailViewControllerTest.swift */; };
		C7A1887A286A15010098FD51 /* ImageDetailViewPresenterTest.swift in Sources */ = {isa = PBXBuildFile; fileRef = C7A18879286A15010098FD51 /* ImageDetailViewPresenterTest.swift */; };
		C7A1887C286A1FEF0098FD51 /* GalleryAssemblyTest.swift in Sources */ = {isa = PBXBuildFile; fileRef = C7A1887B286A1FEF0098FD51 /* GalleryAssemblyTest.swift */; };
		C7A1887E286A21650098FD51 /* DetailsImageViewAssemblyTest.swift in Sources */ = {isa = PBXBuildFile; fileRef = C7A1887D286A21650098FD51 /* DetailsImageViewAssemblyTest.swift */; };
		C7A18880286A223A0098FD51 /* ImageLoaderTest.swift in Sources */ = {isa = PBXBuildFile; fileRef = C7A1887F286A223A0098FD51 /* ImageLoaderTest.swift */; };
		C7A18882286A228B0098FD51 /* ImageCacheMock.swift in Sources */ = {isa = PBXBuildFile; fileRef = C7A18881286A228B0098FD51 /* ImageCacheMock.swift */; };
/* End PBXBuildFile section */

/* Begin PBXContainerItemProxy section */
		C719F96C2867373C001A8024 /* PBXContainerItemProxy */ = {
			isa = PBXContainerItemProxy;
			containerPortal = C719F94D2867373B001A8024 /* Project object */;
			proxyType = 1;
			remoteGlobalIDString = C719F9542867373B001A8024;
			remoteInfo = Flickr;
		};
		C719F9762867373C001A8024 /* PBXContainerItemProxy */ = {
			isa = PBXContainerItemProxy;
			containerPortal = C719F94D2867373B001A8024 /* Project object */;
			proxyType = 1;
			remoteGlobalIDString = C719F9542867373B001A8024;
			remoteInfo = Flickr;
		};
/* End PBXContainerItemProxy section */

/* Begin PBXFileReference section */
		C700194E286767BF006DF35C /* ImageCacheTest.swift */ = {isa = PBXFileReference; lastKnownFileType = sourcecode.swift; path = ImageCacheTest.swift; sourceTree = "<group>"; };
		C719F9552867373B001A8024 /* Flickr.app */ = {isa = PBXFileReference; explicitFileType = wrapper.application; includeInIndex = 0; path = Flickr.app; sourceTree = BUILT_PRODUCTS_DIR; };
		C719F9582867373B001A8024 /* AppDelegate.swift */ = {isa = PBXFileReference; lastKnownFileType = sourcecode.swift; path = AppDelegate.swift; sourceTree = "<group>"; };
		C719F95A2867373B001A8024 /* SceneDelegate.swift */ = {isa = PBXFileReference; lastKnownFileType = sourcecode.swift; path = SceneDelegate.swift; sourceTree = "<group>"; };
		C719F9612867373C001A8024 /* Assets.xcassets */ = {isa = PBXFileReference; lastKnownFileType = folder.assetcatalog; path = Assets.xcassets; sourceTree = "<group>"; };
		C719F9642867373C001A8024 /* Base */ = {isa = PBXFileReference; lastKnownFileType = file.storyboard; name = Base; path = Base.lproj/LaunchScreen.storyboard; sourceTree = "<group>"; };
		C719F9662867373C001A8024 /* Info.plist */ = {isa = PBXFileReference; lastKnownFileType = text.plist.xml; path = Info.plist; sourceTree = "<group>"; };
		C719F96B2867373C001A8024 /* FlickrTests.xctest */ = {isa = PBXFileReference; explicitFileType = wrapper.cfbundle; includeInIndex = 0; path = FlickrTests.xctest; sourceTree = BUILT_PRODUCTS_DIR; };
		C719F9752867373C001A8024 /* FlickrUITests.xctest */ = {isa = PBXFileReference; explicitFileType = wrapper.cfbundle; includeInIndex = 0; path = FlickrUITests.xctest; sourceTree = BUILT_PRODUCTS_DIR; };
		C719F9792867373C001A8024 /* FlickrUITests.swift */ = {isa = PBXFileReference; lastKnownFileType = sourcecode.swift; path = FlickrUITests.swift; sourceTree = "<group>"; };
		C719F97B2867373C001A8024 /* FlickrUITestsLaunchTests.swift */ = {isa = PBXFileReference; lastKnownFileType = sourcecode.swift; path = FlickrUITestsLaunchTests.swift; sourceTree = "<group>"; };
		C719F98A286737BD001A8024 /* GalleryController.swift */ = {isa = PBXFileReference; lastKnownFileType = sourcecode.swift; path = GalleryController.swift; sourceTree = "<group>"; };
		C719F98E28673A01001A8024 /* ImageCell.swift */ = {isa = PBXFileReference; lastKnownFileType = sourcecode.swift; path = ImageCell.swift; sourceTree = "<group>"; };
		C719F99328673B32001A8024 /* IGalleryPresenter.swift */ = {isa = PBXFileReference; lastKnownFileType = sourcecode.swift; path = IGalleryPresenter.swift; sourceTree = "<group>"; };
		C719F99528673B5D001A8024 /* GalleryPresenter.swift */ = {isa = PBXFileReference; lastKnownFileType = sourcecode.swift; path = GalleryPresenter.swift; sourceTree = "<group>"; };
		C719F99928673BD3001A8024 /* IGalleryView.swift */ = {isa = PBXFileReference; lastKnownFileType = sourcecode.swift; path = IGalleryView.swift; sourceTree = "<group>"; };
		C719F99D28673D10001A8024 /* GalleryAssembly.swift */ = {isa = PBXFileReference; lastKnownFileType = sourcecode.swift; path = GalleryAssembly.swift; sourceTree = "<group>"; };
		C719F9A228673DB8001A8024 /* IFlickrService.swift */ = {isa = PBXFileReference; lastKnownFileType = sourcecode.swift; path = IFlickrService.swift; sourceTree = "<group>"; };
		C719F9A428673DDA001A8024 /* FlickrService.swift */ = {isa = PBXFileReference; lastKnownFileType = sourcecode.swift; path = FlickrService.swift; sourceTree = "<group>"; };
		C719F9A728673E6E001A8024 /* FlickrPhoto.swift */ = {isa = PBXFileReference; lastKnownFileType = sourcecode.swift; path = FlickrPhoto.swift; sourceTree = "<group>"; };
		C719F9A928673EF7001A8024 /* FlickrPhotos.swift */ = {isa = PBXFileReference; lastKnownFileType = sourcecode.swift; path = FlickrPhotos.swift; sourceTree = "<group>"; };
		C719F9AB28673F0F001A8024 /* FetchPhotosResult.swift */ = {isa = PBXFileReference; lastKnownFileType = sourcecode.swift; path = FetchPhotosResult.swift; sourceTree = "<group>"; };
		C719F9AE286741D3001A8024 /* Errors.swift */ = {isa = PBXFileReference; lastKnownFileType = sourcecode.swift; path = Errors.swift; sourceTree = "<group>"; };
		C719F9B1286744BC001A8024 /* BaseViewController.swift */ = {isa = PBXFileReference; lastKnownFileType = sourcecode.swift; path = BaseViewController.swift; sourceTree = "<group>"; };
		C719F9B32867467B001A8024 /* ImageLoader.swift */ = {isa = PBXFileReference; lastKnownFileType = sourcecode.swift; path = ImageLoader.swift; sourceTree = "<group>"; };
		C719F9B528674691001A8024 /* IImageLoader.swift */ = {isa = PBXFileReference; lastKnownFileType = sourcecode.swift; path = IImageLoader.swift; sourceTree = "<group>"; };
		C719F9B728674A8C001A8024 /* IImageCache.swift */ = {isa = PBXFileReference; lastKnownFileType = sourcecode.swift; path = IImageCache.swift; sourceTree = "<group>"; };
		C719F9B928674AAD001A8024 /* ImageCache.swift */ = {isa = PBXFileReference; lastKnownFileType = sourcecode.swift; path = ImageCache.swift; sourceTree = "<group>"; };
		C719F9BB28674D36001A8024 /* CacheExexutor.swift */ = {isa = PBXFileReference; lastKnownFileType = sourcecode.swift; path = CacheExexutor.swift; sourceTree = "<group>"; };
		C719F9BD28674D7F001A8024 /* PrepareForLoadingService.swift */ = {isa = PBXFileReference; lastKnownFileType = sourcecode.swift; path = PrepareForLoadingService.swift; sourceTree = "<group>"; };
		C719F9C22867541C001A8024 /* IDetailsImageViewAssembly.swift */ = {isa = PBXFileReference; lastKnownFileType = sourcecode.swift; path = IDetailsImageViewAssembly.swift; sourceTree = "<group>"; };
		C719F9C42867542F001A8024 /* DetailsImageViewAssembly.swift */ = {isa = PBXFileReference; lastKnownFileType = sourcecode.swift; path = DetailsImageViewAssembly.swift; sourceTree = "<group>"; };
		C719F9C628675458001A8024 /* DetailsViewModel.swift */ = {isa = PBXFileReference; lastKnownFileType = sourcecode.swift; path = DetailsViewModel.swift; sourceTree = "<group>"; };
		C719F9CA28675494001A8024 /* IImageDetailView.swift */ = {isa = PBXFileReference; lastKnownFileType = sourcecode.swift; path = IImageDetailView.swift; sourceTree = "<group>"; };
		C719F9CC286754A6001A8024 /* ImageDetailViewController.swift */ = {isa = PBXFileReference; lastKnownFileType = sourcecode.swift; path = ImageDetailViewController.swift; sourceTree = "<group>"; };
		C719F9D0286754E0001A8024 /* IImageDetailViewPresenter.swift */ = {isa = PBXFileReference; lastKnownFileType = sourcecode.swift; path = IImageDetailViewPresenter.swift; sourceTree = "<group>"; };
		C719F9D2286754F2001A8024 /* ImageDetailViewPresenter.swift */ = {isa = PBXFileReference; lastKnownFileType = sourcecode.swift; path = ImageDetailViewPresenter.swift; sourceTree = "<group>"; };
		C719F9D528675592001A8024 /* MainGalleryRouter.swift */ = {isa = PBXFileReference; lastKnownFileType = sourcecode.swift; path = MainGalleryRouter.swift; sourceTree = "<group>"; };
		C719F9D8286755B2001A8024 /* IMainGalleryRouter.swift */ = {isa = PBXFileReference; lastKnownFileType = sourcecode.swift; path = IMainGalleryRouter.swift; sourceTree = "<group>"; };
		C74CF6652867AADF00461D6C /* CacheExexutorMock.swift */ = {isa = PBXFileReference; lastKnownFileType = sourcecode.swift; path = CacheExexutorMock.swift; sourceTree = "<group>"; };
		C74CF6672867AB9E00461D6C /* ImageLoaderMock.swift */ = {isa = PBXFileReference; lastKnownFileType = sourcecode.swift; path = ImageLoaderMock.swift; sourceTree = "<group>"; };
		C74CF66D2867AC0100461D6C /* PrepareForLoadingServiceTest.swift */ = {isa = PBXFileReference; lastKnownFileType = sourcecode.swift; path = PrepareForLoadingServiceTest.swift; sourceTree = "<group>"; };
		C74CF66F2867B20500461D6C /* GalleryPresenterMock.swift */ = {isa = PBXFileReference; lastKnownFileType = sourcecode.swift; path = GalleryPresenterMock.swift; sourceTree = "<group>"; };
		C74CF6712867B24500461D6C /* GalleryViewMock.swift */ = {isa = PBXFileReference; lastKnownFileType = sourcecode.swift; path = GalleryViewMock.swift; sourceTree = "<group>"; };
		C74CF6732867B28600461D6C /* ImageDetailViewMock.swift */ = {isa = PBXFileReference; lastKnownFileType = sourcecode.swift; path = ImageDetailViewMock.swift; sourceTree = "<group>"; };
		C74CF6752867B2C200461D6C /* ImageDetailViewPresenterMock.swift */ = {isa = PBXFileReference; lastKnownFileType = sourcecode.swift; path = ImageDetailViewPresenterMock.swift; sourceTree = "<group>"; };
		C74CF677286856F900461D6C /* GalleryControllerTest.swift */ = {isa = PBXFileReference; lastKnownFileType = sourcecode.swift; path = GalleryControllerTest.swift; sourceTree = "<group>"; };
		C777B61C2868B05C00F28077 /* GalleryPresenterTest.swift */ = {isa = PBXFileReference; lastKnownFileType = sourcecode.swift; path = GalleryPresenterTest.swift; sourceTree = "<group>"; };
		C777B6202868B16C00F28077 /* FlickrServiceMock.swift */ = {isa = PBXFileReference; lastKnownFileType = sourcecode.swift; path = FlickrServiceMock.swift; sourceTree = "<group>"; };
		C777B6222868B1DB00F28077 /* MainGalleryRouterMock.swift */ = {isa = PBXFileReference; lastKnownFileType = sourcecode.swift; path = MainGalleryRouterMock.swift; sourceTree = "<group>"; };
		C777B6252868B31C00F28077 /* FlickrPhotoStubs.swift */ = {isa = PBXFileReference; lastKnownFileType = sourcecode.swift; path = FlickrPhotoStubs.swift; sourceTree = "<group>"; };
		C7A18873286A059C0098FD51 /* TestError.swift */ = {isa = PBXFileReference; lastKnownFileType = sourcecode.swift; path = TestError.swift; sourceTree = "<group>"; };
		C7A18875286A06170098FD51 /* GalleryControllerUITest.swift */ = {isa = PBXFileReference; lastKnownFileType = sourcecode.swift; path = GalleryControllerUITest.swift; sourceTree = "<group>"; };
		C7A18877286A12950098FD51 /* ImageDetailViewControllerTest.swift */ = {isa = PBXFileReference; lastKnownFileType = sourcecode.swift; path = ImageDetailViewControllerTest.swift; sourceTree = "<group>"; };
		C7A18879286A15010098FD51 /* ImageDetailViewPresenterTest.swift */ = {isa = PBXFileReference; lastKnownFileType = sourcecode.swift; path = ImageDetailViewPresenterTest.swift; sourceTree = "<group>"; };
		C7A1887B286A1FEF0098FD51 /* GalleryAssemblyTest.swift */ = {isa = PBXFileReference; lastKnownFileType = sourcecode.swift; path = GalleryAssemblyTest.swift; sourceTree = "<group>"; };
		C7A1887D286A21650098FD51 /* DetailsImageViewAssemblyTest.swift */ = {isa = PBXFileReference; lastKnownFileType = sourcecode.swift; path = DetailsImageViewAssemblyTest.swift; sourceTree = "<group>"; };
		C7A1887F286A223A0098FD51 /* ImageLoaderTest.swift */ = {isa = PBXFileReference; lastKnownFileType = sourcecode.swift; path = ImageLoaderTest.swift; sourceTree = "<group>"; };
		C7A18881286A228B0098FD51 /* ImageCacheMock.swift */ = {isa = PBXFileReference; lastKnownFileType = sourcecode.swift; path = ImageCacheMock.swift; sourceTree = "<group>"; };
/* End PBXFileReference section */

/* Begin PBXFrameworksBuildPhase section */
		C719F9522867373B001A8024 /* Frameworks */ = {
			isa = PBXFrameworksBuildPhase;
			buildActionMask = 2147483647;
			files = (
			);
			runOnlyForDeploymentPostprocessing = 0;
		};
		C719F9682867373C001A8024 /* Frameworks */ = {
			isa = PBXFrameworksBuildPhase;
			buildActionMask = 2147483647;
			files = (
			);
			runOnlyForDeploymentPostprocessing = 0;
		};
		C719F9722867373C001A8024 /* Frameworks */ = {
			isa = PBXFrameworksBuildPhase;
			buildActionMask = 2147483647;
			files = (
			);
			runOnlyForDeploymentPostprocessing = 0;
		};
/* End PBXFrameworksBuildPhase section */

/* Begin PBXGroup section */
		C719F94C2867373B001A8024 = {
			isa = PBXGroup;
			children = (
				C719F9572867373B001A8024 /* Flickr */,
				C719F96E2867373C001A8024 /* FlickrTests */,
				C719F9782867373C001A8024 /* FlickrUITests */,
				C719F9562867373B001A8024 /* Products */,
			);
			sourceTree = "<group>";
		};
		C719F9562867373B001A8024 /* Products */ = {
			isa = PBXGroup;
			children = (
				C719F9552867373B001A8024 /* Flickr.app */,
				C719F96B2867373C001A8024 /* FlickrTests.xctest */,
				C719F9752867373C001A8024 /* FlickrUITests.xctest */,
			);
			name = Products;
			sourceTree = "<group>";
		};
		C719F9572867373B001A8024 /* Flickr */ = {
			isa = PBXGroup;
			children = (
				C719F9A628673E3E001A8024 /* Models */,
				C719F99F28673D99001A8024 /* Common */,
				C719F98828673799001A8024 /* PresentationLayer */,
				C719F9582867373B001A8024 /* AppDelegate.swift */,
				C719F95A2867373B001A8024 /* SceneDelegate.swift */,
				C719F9612867373C001A8024 /* Assets.xcassets */,
				C719F9632867373C001A8024 /* LaunchScreen.storyboard */,
				C719F9662867373C001A8024 /* Info.plist */,
			);
			path = Flickr;
			sourceTree = "<group>";
		};
		C719F96E2867373C001A8024 /* FlickrTests */ = {
			isa = PBXGroup;
			children = (
				C777B6242868B30B00F28077 /* Stubs */,
				C74CF6642867AAA500461D6C /* Mocks */,
				C700194E286767BF006DF35C /* ImageCacheTest.swift */,
				C74CF66D2867AC0100461D6C /* PrepareForLoadingServiceTest.swift */,
				C74CF677286856F900461D6C /* GalleryControllerTest.swift */,
				C777B61C2868B05C00F28077 /* GalleryPresenterTest.swift */,
				C7A18877286A12950098FD51 /* ImageDetailViewControllerTest.swift */,
				C7A18879286A15010098FD51 /* ImageDetailViewPresenterTest.swift */,
				C7A1887B286A1FEF0098FD51 /* GalleryAssemblyTest.swift */,
				C7A1887D286A21650098FD51 /* DetailsImageViewAssemblyTest.swift */,
				C7A1887F286A223A0098FD51 /* ImageLoaderTest.swift */,
			);
			path = FlickrTests;
			sourceTree = "<group>";
		};
		C719F9782867373C001A8024 /* FlickrUITests */ = {
			isa = PBXGroup;
			children = (
				C719F9792867373C001A8024 /* FlickrUITests.swift */,
				C719F97B2867373C001A8024 /* FlickrUITestsLaunchTests.swift */,
				C7A18875286A06170098FD51 /* GalleryControllerUITest.swift */,
			);
			path = FlickrUITests;
			sourceTree = "<group>";
		};
		C719F98828673799001A8024 /* PresentationLayer */ = {
			isa = PBXGroup;
			children = (
				C719F9D428675586001A8024 /* Routers */,
				C719F99B28673CFD001A8024 /* Assemplyes */,
				C719F99828673BC5001A8024 /* Controllers */,
				C719F99028673B0D001A8024 /* Presenters */,
				C719F98C286739D5001A8024 /* Views */,
			);
			path = PresentationLayer;
			sourceTree = "<group>";
		};
		C719F989286737AC001A8024 /* 1_GalleryController */ = {
			isa = PBXGroup;
			children = (
				C719F99728673BB9001A8024 /* Protocols */,
				C719F98A286737BD001A8024 /* GalleryController.swift */,
			);
			path = 1_GalleryController;
			sourceTree = "<group>";
		};
		C719F98C286739D5001A8024 /* Views */ = {
			isa = PBXGroup;
			children = (
				C719F98D286739E5001A8024 /* ImageCell */,
			);
			path = Views;
			sourceTree = "<group>";
		};
		C719F98D286739E5001A8024 /* ImageCell */ = {
			isa = PBXGroup;
			children = (
				C719F98E28673A01001A8024 /* ImageCell.swift */,
			);
			path = ImageCell;
			sourceTree = "<group>";
		};
		C719F99028673B0D001A8024 /* Presenters */ = {
			isa = PBXGroup;
			children = (
				C719F99128673B1D001A8024 /* 1_GalleryPresenter */,
				C719F9CE286754CC001A8024 /* 2_ImageDetailViewPresenter */,
			);
			path = Presenters;
			sourceTree = "<group>";
		};
		C719F99128673B1D001A8024 /* 1_GalleryPresenter */ = {
			isa = PBXGroup;
			children = (
				C719F99228673B26001A8024 /* Protocols */,
				C719F99528673B5D001A8024 /* GalleryPresenter.swift */,
			);
			path = 1_GalleryPresenter;
			sourceTree = "<group>";
		};
		C719F99228673B26001A8024 /* Protocols */ = {
			isa = PBXGroup;
			children = (
				C719F99328673B32001A8024 /* IGalleryPresenter.swift */,
			);
			path = Protocols;
			sourceTree = "<group>";
		};
		C719F99728673BB9001A8024 /* Protocols */ = {
			isa = PBXGroup;
			children = (
				C719F99928673BD3001A8024 /* IGalleryView.swift */,
			);
			path = Protocols;
			sourceTree = "<group>";
		};
		C719F99828673BC5001A8024 /* Controllers */ = {
			isa = PBXGroup;
			children = (
				C719F9B0286744B3001A8024 /* Base */,
				C719F989286737AC001A8024 /* 1_GalleryController */,
				C719F9C828675481001A8024 /* 2_IImageDetailView */,
			);
			path = Controllers;
			sourceTree = "<group>";
		};
		C719F99B28673CFD001A8024 /* Assemplyes */ = {
			isa = PBXGroup;
			children = (
				C719F99C28673D09001A8024 /* 1_GalleryAssembly */,
				C719F9C028675405001A8024 /* 2_DetailsImageViewAssembly */,
			);
			path = Assemplyes;
			sourceTree = "<group>";
		};
		C719F99C28673D09001A8024 /* 1_GalleryAssembly */ = {
			isa = PBXGroup;
			children = (
				C719F99D28673D10001A8024 /* GalleryAssembly.swift */,
			);
			path = 1_GalleryAssembly;
			sourceTree = "<group>";
		};
		C719F99F28673D99001A8024 /* Common */ = {
			isa = PBXGroup;
			children = (
				C719F9A028673DA0001A8024 /* Services */,
			);
			path = Common;
			sourceTree = "<group>";
		};
		C719F9A028673DA0001A8024 /* Services */ = {
			isa = PBXGroup;
			children = (
				C719F9A128673DAC001A8024 /* Protocols */,
				C719F9A428673DDA001A8024 /* FlickrService.swift */,
				C719F9B32867467B001A8024 /* ImageLoader.swift */,
				C719F9B928674AAD001A8024 /* ImageCache.swift */,
				C719F9BD28674D7F001A8024 /* PrepareForLoadingService.swift */,
			);
			path = Services;
			sourceTree = "<group>";
		};
		C719F9A128673DAC001A8024 /* Protocols */ = {
			isa = PBXGroup;
			children = (
				C719F9A228673DB8001A8024 /* IFlickrService.swift */,
				C719F9B528674691001A8024 /* IImageLoader.swift */,
				C719F9B728674A8C001A8024 /* IImageCache.swift */,
				C719F9BB28674D36001A8024 /* CacheExexutor.swift */,
			);
			path = Protocols;
			sourceTree = "<group>";
		};
		C719F9A628673E3E001A8024 /* Models */ = {
			isa = PBXGroup;
			children = (
				C719F9AD286741C4001A8024 /* Api */,
				C719F9AE286741D3001A8024 /* Errors.swift */,
				C719F9C628675458001A8024 /* DetailsViewModel.swift */,
			);
			path = Models;
			sourceTree = "<group>";
		};
		C719F9AD286741C4001A8024 /* Api */ = {
			isa = PBXGroup;
			children = (
				C719F9A728673E6E001A8024 /* FlickrPhoto.swift */,
				C719F9A928673EF7001A8024 /* FlickrPhotos.swift */,
				C719F9AB28673F0F001A8024 /* FetchPhotosResult.swift */,
			);
			path = Api;
			sourceTree = "<group>";
		};
		C719F9B0286744B3001A8024 /* Base */ = {
			isa = PBXGroup;
			children = (
				C719F9B1286744BC001A8024 /* BaseViewController.swift */,
			);
			path = Base;
			sourceTree = "<group>";
		};
		C719F9C028675405001A8024 /* 2_DetailsImageViewAssembly */ = {
			isa = PBXGroup;
			children = (
				C719F9C12867540B001A8024 /* Protocol */,
				C719F9C42867542F001A8024 /* DetailsImageViewAssembly.swift */,
			);
			path = 2_DetailsImageViewAssembly;
			sourceTree = "<group>";
		};
		C719F9C12867540B001A8024 /* Protocol */ = {
			isa = PBXGroup;
			children = (
				C719F9C22867541C001A8024 /* IDetailsImageViewAssembly.swift */,
			);
			path = Protocol;
			sourceTree = "<group>";
		};
		C719F9C828675481001A8024 /* 2_IImageDetailView */ = {
			isa = PBXGroup;
			children = (
				C719F9C928675485001A8024 /* Protocol */,
				C719F9CC286754A6001A8024 /* ImageDetailViewController.swift */,
			);
			path = 2_IImageDetailView;
			sourceTree = "<group>";
		};
		C719F9C928675485001A8024 /* Protocol */ = {
			isa = PBXGroup;
			children = (
				C719F9CA28675494001A8024 /* IImageDetailView.swift */,
			);
			path = Protocol;
			sourceTree = "<group>";
		};
		C719F9CE286754CC001A8024 /* 2_ImageDetailViewPresenter */ = {
			isa = PBXGroup;
			children = (
				C719F9CF286754D4001A8024 /* Protocol */,
				C719F9D2286754F2001A8024 /* ImageDetailViewPresenter.swift */,
			);
			path = 2_ImageDetailViewPresenter;
			sourceTree = "<group>";
		};
		C719F9CF286754D4001A8024 /* Protocol */ = {
			isa = PBXGroup;
			children = (
				C719F9D0286754E0001A8024 /* IImageDetailViewPresenter.swift */,
			);
			path = Protocol;
			sourceTree = "<group>";
		};
		C719F9D428675586001A8024 /* Routers */ = {
			isa = PBXGroup;
			children = (
				C719F9D7286755A7001A8024 /* Protocols */,
				C719F9D528675592001A8024 /* MainGalleryRouter.swift */,
			);
			path = Routers;
			sourceTree = "<group>";
		};
		C719F9D7286755A7001A8024 /* Protocols */ = {
			isa = PBXGroup;
			children = (
				C719F9D8286755B2001A8024 /* IMainGalleryRouter.swift */,
			);
			path = Protocols;
			sourceTree = "<group>";
		};
		C74CF6642867AAA500461D6C /* Mocks */ = {
			isa = PBXGroup;
			children = (
				C74CF6652867AADF00461D6C /* CacheExexutorMock.swift */,
				C74CF6672867AB9E00461D6C /* ImageLoaderMock.swift */,
				C74CF66F2867B20500461D6C /* GalleryPresenterMock.swift */,
				C74CF6712867B24500461D6C /* GalleryViewMock.swift */,
				C74CF6732867B28600461D6C /* ImageDetailViewMock.swift */,
				C74CF6752867B2C200461D6C /* ImageDetailViewPresenterMock.swift */,
				C777B6202868B16C00F28077 /* FlickrServiceMock.swift */,
				C777B6222868B1DB00F28077 /* MainGalleryRouterMock.swift */,
				C7A18873286A059C0098FD51 /* TestError.swift */,
				C7A18881286A228B0098FD51 /* ImageCacheMock.swift */,
			);
			path = Mocks;
			sourceTree = "<group>";
		};
		C777B6242868B30B00F28077 /* Stubs */ = {
			isa = PBXGroup;
			children = (
				C777B6252868B31C00F28077 /* FlickrPhotoStubs.swift */,
			);
			path = Stubs;
			sourceTree = "<group>";
		};
/* End PBXGroup section */

/* Begin PBXNativeTarget section */
		C719F9542867373B001A8024 /* Flickr */ = {
			isa = PBXNativeTarget;
			buildConfigurationList = C719F97F2867373C001A8024 /* Build configuration list for PBXNativeTarget "Flickr" */;
			buildPhases = (
				C719F9512867373B001A8024 /* Sources */,
				C719F9522867373B001A8024 /* Frameworks */,
				C719F9532867373B001A8024 /* Resources */,
			);
			buildRules = (
			);
			dependencies = (
			);
			name = Flickr;
			productName = Flickr;
			productReference = C719F9552867373B001A8024 /* Flickr.app */;
			productType = "com.apple.product-type.application";
		};
		C719F96A2867373C001A8024 /* FlickrTests */ = {
			isa = PBXNativeTarget;
			buildConfigurationList = C719F9822867373C001A8024 /* Build configuration list for PBXNativeTarget "FlickrTests" */;
			buildPhases = (
				C719F9672867373C001A8024 /* Sources */,
				C719F9682867373C001A8024 /* Frameworks */,
				C719F9692867373C001A8024 /* Resources */,
			);
			buildRules = (
			);
			dependencies = (
				C719F96D2867373C001A8024 /* PBXTargetDependency */,
			);
			name = FlickrTests;
			productName = FlickrTests;
			productReference = C719F96B2867373C001A8024 /* FlickrTests.xctest */;
			productType = "com.apple.product-type.bundle.unit-test";
		};
		C719F9742867373C001A8024 /* FlickrUITests */ = {
			isa = PBXNativeTarget;
			buildConfigurationList = C719F9852867373C001A8024 /* Build configuration list for PBXNativeTarget "FlickrUITests" */;
			buildPhases = (
				C719F9712867373C001A8024 /* Sources */,
				C719F9722867373C001A8024 /* Frameworks */,
				C719F9732867373C001A8024 /* Resources */,
			);
			buildRules = (
			);
			dependencies = (
				C719F9772867373C001A8024 /* PBXTargetDependency */,
			);
			name = FlickrUITests;
			productName = FlickrUITests;
			productReference = C719F9752867373C001A8024 /* FlickrUITests.xctest */;
			productType = "com.apple.product-type.bundle.ui-testing";
		};
/* End PBXNativeTarget section */

/* Begin PBXProject section */
		C719F94D2867373B001A8024 /* Project object */ = {
			isa = PBXProject;
			attributes = {
				BuildIndependentTargetsInParallel = 1;
				LastSwiftUpdateCheck = 1340;
				LastUpgradeCheck = 1340;
				TargetAttributes = {
					C719F9542867373B001A8024 = {
						CreatedOnToolsVersion = 13.4.1;
					};
					C719F96A2867373C001A8024 = {
						CreatedOnToolsVersion = 13.4.1;
						LastSwiftMigration = 1340;
						TestTargetID = C719F9542867373B001A8024;
					};
					C719F9742867373C001A8024 = {
						CreatedOnToolsVersion = 13.4.1;
						TestTargetID = C719F9542867373B001A8024;
					};
				};
			};
			buildConfigurationList = C719F9502867373B001A8024 /* Build configuration list for PBXProject "Flickr" */;
			compatibilityVersion = "Xcode 13.0";
			developmentRegion = en;
			hasScannedForEncodings = 0;
			knownRegions = (
				en,
				Base,
			);
			mainGroup = C719F94C2867373B001A8024;
			productRefGroup = C719F9562867373B001A8024 /* Products */;
			projectDirPath = "";
			projectRoot = "";
			targets = (
				C719F9542867373B001A8024 /* Flickr */,
				C719F96A2867373C001A8024 /* FlickrTests */,
				C719F9742867373C001A8024 /* FlickrUITests */,
			);
		};
/* End PBXProject section */

/* Begin PBXResourcesBuildPhase section */
		C719F9532867373B001A8024 /* Resources */ = {
			isa = PBXResourcesBuildPhase;
			buildActionMask = 2147483647;
			files = (
				C719F9652867373C001A8024 /* LaunchScreen.storyboard in Resources */,
				C719F9622867373C001A8024 /* Assets.xcassets in Resources */,
			);
			runOnlyForDeploymentPostprocessing = 0;
		};
		C719F9692867373C001A8024 /* Resources */ = {
			isa = PBXResourcesBuildPhase;
			buildActionMask = 2147483647;
			files = (
			);
			runOnlyForDeploymentPostprocessing = 0;
		};
		C719F9732867373C001A8024 /* Resources */ = {
			isa = PBXResourcesBuildPhase;
			buildActionMask = 2147483647;
			files = (
			);
			runOnlyForDeploymentPostprocessing = 0;
		};
/* End PBXResourcesBuildPhase section */

/* Begin PBXSourcesBuildPhase section */
		C719F9512867373B001A8024 /* Sources */ = {
			isa = PBXSourcesBuildPhase;
			buildActionMask = 2147483647;
			files = (
				C719F99628673B5D001A8024 /* GalleryPresenter.swift in Sources */,
				C719F9CD286754A6001A8024 /* ImageDetailViewController.swift in Sources */,
				C719F99A28673BD3001A8024 /* IGalleryView.swift in Sources */,
				C719F9AC28673F0F001A8024 /* FetchPhotosResult.swift in Sources */,
				C719F9A528673DDA001A8024 /* FlickrService.swift in Sources */,
				C719F9592867373B001A8024 /* AppDelegate.swift in Sources */,
				C719F9B2286744BC001A8024 /* BaseViewController.swift in Sources */,
				C719F9BC28674D36001A8024 /* CacheExexutor.swift in Sources */,
				C719F9B628674691001A8024 /* IImageLoader.swift in Sources */,
				C719F9B42867467B001A8024 /* ImageLoader.swift in Sources */,
				C719F9C32867541C001A8024 /* IDetailsImageViewAssembly.swift in Sources */,
				C719F9C52867542F001A8024 /* DetailsImageViewAssembly.swift in Sources */,
				C719F9C728675458001A8024 /* DetailsViewModel.swift in Sources */,
				C719F9B828674A8C001A8024 /* IImageCache.swift in Sources */,
				C719F9BA28674AAD001A8024 /* ImageCache.swift in Sources */,
				C719F9D1286754E0001A8024 /* IImageDetailViewPresenter.swift in Sources */,
				C719F9A828673E6E001A8024 /* FlickrPhoto.swift in Sources */,
				C719F9AF286741D3001A8024 /* Errors.swift in Sources */,
				C719F9AA28673EF7001A8024 /* FlickrPhotos.swift in Sources */,
				C719F99E28673D10001A8024 /* GalleryAssembly.swift in Sources */,
				C719F98B286737BD001A8024 /* GalleryController.swift in Sources */,
				C719F9BE28674D7F001A8024 /* PrepareForLoadingService.swift in Sources */,
				C719F9D9286755B2001A8024 /* IMainGalleryRouter.swift in Sources */,
				C719F9D628675592001A8024 /* MainGalleryRouter.swift in Sources */,
				C719F99428673B32001A8024 /* IGalleryPresenter.swift in Sources */,
				C719F9A328673DB8001A8024 /* IFlickrService.swift in Sources */,
				C719F9CB28675494001A8024 /* IImageDetailView.swift in Sources */,
				C719F95B2867373B001A8024 /* SceneDelegate.swift in Sources */,
				C719F9D3286754F2001A8024 /* ImageDetailViewPresenter.swift in Sources */,
				C719F98F28673A01001A8024 /* ImageCell.swift in Sources */,
			);
			runOnlyForDeploymentPostprocessing = 0;
		};
		C719F9672867373C001A8024 /* Sources */ = {
			isa = PBXSourcesBuildPhase;
			buildActionMask = 2147483647;
			files = (
				C7A18882286A228B0098FD51 /* ImageCacheMock.swift in Sources */,
				C7A18878286A12960098FD51 /* ImageDetailViewControllerTest.swift in Sources */,
				C74CF678286856F900461D6C /* GalleryControllerTest.swift in Sources */,
				C74CF6762867B2C200461D6C /* ImageDetailViewPresenterMock.swift in Sources */,
				C74CF6742867B28600461D6C /* ImageDetailViewMock.swift in Sources */,
				C777B6212868B16C00F28077 /* FlickrServiceMock.swift in Sources */,
				C7A1887C286A1FEF0098FD51 /* GalleryAssemblyTest.swift in Sources */,
				C74CF6702867B20500461D6C /* GalleryPresenterMock.swift in Sources */,
				C7A18880286A223A0098FD51 /* ImageLoaderTest.swift in Sources */,
				C74CF6662867AADF00461D6C /* CacheExexutorMock.swift in Sources */,
				C777B6232868B1DB00F28077 /* MainGalleryRouterMock.swift in Sources */,
				C7A1887E286A21650098FD51 /* DetailsImageViewAssemblyTest.swift in Sources */,
				C700194F286767BF006DF35C /* ImageCacheTest.swift in Sources */,
				C777B6262868B31C00F28077 /* FlickrPhotoStubs.swift in Sources */,
				C74CF66E2867AC0100461D6C /* PrepareForLoadingServiceTest.swift in Sources */,
				C74CF6682867AB9E00461D6C /* ImageLoaderMock.swift in Sources */,
				C74CF6722867B24500461D6C /* GalleryViewMock.swift in Sources */,
				C7A18874286A059D0098FD51 /* TestError.swift in Sources */,
				C7A1887A286A15010098FD51 /* ImageDetailViewPresenterTest.swift in Sources */,
				C777B61D2868B05C00F28077 /* GalleryPresenterTest.swift in Sources */,
			);
			runOnlyForDeploymentPostprocessing = 0;
		};
		C719F9712867373C001A8024 /* Sources */ = {
			isa = PBXSourcesBuildPhase;
			buildActionMask = 2147483647;
			files = (
				C7A18876286A06170098FD51 /* GalleryControllerUITest.swift in Sources */,
				C719F97A2867373C001A8024 /* FlickrUITests.swift in Sources */,
				C719F97C2867373C001A8024 /* FlickrUITestsLaunchTests.swift in Sources */,
			);
			runOnlyForDeploymentPostprocessing = 0;
		};
/* End PBXSourcesBuildPhase section */

/* Begin PBXTargetDependency section */
		C719F96D2867373C001A8024 /* PBXTargetDependency */ = {
			isa = PBXTargetDependency;
			target = C719F9542867373B001A8024 /* Flickr */;
			targetProxy = C719F96C2867373C001A8024 /* PBXContainerItemProxy */;
		};
		C719F9772867373C001A8024 /* PBXTargetDependency */ = {
			isa = PBXTargetDependency;
			target = C719F9542867373B001A8024 /* Flickr */;
			targetProxy = C719F9762867373C001A8024 /* PBXContainerItemProxy */;
		};
/* End PBXTargetDependency section */

/* Begin PBXVariantGroup section */
		C719F9632867373C001A8024 /* LaunchScreen.storyboard */ = {
			isa = PBXVariantGroup;
			children = (
				C719F9642867373C001A8024 /* Base */,
			);
			name = LaunchScreen.storyboard;
			sourceTree = "<group>";
		};
/* End PBXVariantGroup section */

/* Begin XCBuildConfiguration section */
		C719F97D2867373C001A8024 /* Debug */ = {
			isa = XCBuildConfiguration;
			buildSettings = {
				ALWAYS_SEARCH_USER_PATHS = NO;
				CLANG_ANALYZER_NONNULL = YES;
				CLANG_ANALYZER_NUMBER_OBJECT_CONVERSION = YES_AGGRESSIVE;
				CLANG_CXX_LANGUAGE_STANDARD = "gnu++17";
				CLANG_ENABLE_MODULES = YES;
				CLANG_ENABLE_OBJC_ARC = YES;
				CLANG_ENABLE_OBJC_WEAK = YES;
				CLANG_WARN_BLOCK_CAPTURE_AUTORELEASING = YES;
				CLANG_WARN_BOOL_CONVERSION = YES;
				CLANG_WARN_COMMA = YES;
				CLANG_WARN_CONSTANT_CONVERSION = YES;
				CLANG_WARN_DEPRECATED_OBJC_IMPLEMENTATIONS = YES;
				CLANG_WARN_DIRECT_OBJC_ISA_USAGE = YES_ERROR;
				CLANG_WARN_DOCUMENTATION_COMMENTS = YES;
				CLANG_WARN_EMPTY_BODY = YES;
				CLANG_WARN_ENUM_CONVERSION = YES;
				CLANG_WARN_INFINITE_RECURSION = YES;
				CLANG_WARN_INT_CONVERSION = YES;
				CLANG_WARN_NON_LITERAL_NULL_CONVERSION = YES;
				CLANG_WARN_OBJC_IMPLICIT_RETAIN_SELF = YES;
				CLANG_WARN_OBJC_LITERAL_CONVERSION = YES;
				CLANG_WARN_OBJC_ROOT_CLASS = YES_ERROR;
				CLANG_WARN_QUOTED_INCLUDE_IN_FRAMEWORK_HEADER = YES;
				CLANG_WARN_RANGE_LOOP_ANALYSIS = YES;
				CLANG_WARN_STRICT_PROTOTYPES = YES;
				CLANG_WARN_SUSPICIOUS_MOVE = YES;
				CLANG_WARN_UNGUARDED_AVAILABILITY = YES_AGGRESSIVE;
				CLANG_WARN_UNREACHABLE_CODE = YES;
				CLANG_WARN__DUPLICATE_METHOD_MATCH = YES;
				COPY_PHASE_STRIP = NO;
				DEBUG_INFORMATION_FORMAT = dwarf;
				ENABLE_STRICT_OBJC_MSGSEND = YES;
				ENABLE_TESTABILITY = YES;
				GCC_C_LANGUAGE_STANDARD = gnu11;
				GCC_DYNAMIC_NO_PIC = NO;
				GCC_NO_COMMON_BLOCKS = YES;
				GCC_OPTIMIZATION_LEVEL = 0;
				GCC_PREPROCESSOR_DEFINITIONS = (
					"DEBUG=1",
					"$(inherited)",
				);
				GCC_WARN_64_TO_32_BIT_CONVERSION = YES;
				GCC_WARN_ABOUT_RETURN_TYPE = YES_ERROR;
				GCC_WARN_UNDECLARED_SELECTOR = YES;
				GCC_WARN_UNINITIALIZED_AUTOS = YES_AGGRESSIVE;
				GCC_WARN_UNUSED_FUNCTION = YES;
				GCC_WARN_UNUSED_VARIABLE = YES;
				IPHONEOS_DEPLOYMENT_TARGET = 15.5;
				MTL_ENABLE_DEBUG_INFO = INCLUDE_SOURCE;
				MTL_FAST_MATH = YES;
				ONLY_ACTIVE_ARCH = YES;
				SDKROOT = iphoneos;
				SWIFT_ACTIVE_COMPILATION_CONDITIONS = DEBUG;
				SWIFT_OPTIMIZATION_LEVEL = "-Onone";
			};
			name = Debug;
		};
		C719F97E2867373C001A8024 /* Release */ = {
			isa = XCBuildConfiguration;
			buildSettings = {
				ALWAYS_SEARCH_USER_PATHS = NO;
				CLANG_ANALYZER_NONNULL = YES;
				CLANG_ANALYZER_NUMBER_OBJECT_CONVERSION = YES_AGGRESSIVE;
				CLANG_CXX_LANGUAGE_STANDARD = "gnu++17";
				CLANG_ENABLE_MODULES = YES;
				CLANG_ENABLE_OBJC_ARC = YES;
				CLANG_ENABLE_OBJC_WEAK = YES;
				CLANG_WARN_BLOCK_CAPTURE_AUTORELEASING = YES;
				CLANG_WARN_BOOL_CONVERSION = YES;
				CLANG_WARN_COMMA = YES;
				CLANG_WARN_CONSTANT_CONVERSION = YES;
				CLANG_WARN_DEPRECATED_OBJC_IMPLEMENTATIONS = YES;
				CLANG_WARN_DIRECT_OBJC_ISA_USAGE = YES_ERROR;
				CLANG_WARN_DOCUMENTATION_COMMENTS = YES;
				CLANG_WARN_EMPTY_BODY = YES;
				CLANG_WARN_ENUM_CONVERSION = YES;
				CLANG_WARN_INFINITE_RECURSION = YES;
				CLANG_WARN_INT_CONVERSION = YES;
				CLANG_WARN_NON_LITERAL_NULL_CONVERSION = YES;
				CLANG_WARN_OBJC_IMPLICIT_RETAIN_SELF = YES;
				CLANG_WARN_OBJC_LITERAL_CONVERSION = YES;
				CLANG_WARN_OBJC_ROOT_CLASS = YES_ERROR;
				CLANG_WARN_QUOTED_INCLUDE_IN_FRAMEWORK_HEADER = YES;
				CLANG_WARN_RANGE_LOOP_ANALYSIS = YES;
				CLANG_WARN_STRICT_PROTOTYPES = YES;
				CLANG_WARN_SUSPICIOUS_MOVE = YES;
				CLANG_WARN_UNGUARDED_AVAILABILITY = YES_AGGRESSIVE;
				CLANG_WARN_UNREACHABLE_CODE = YES;
				CLANG_WARN__DUPLICATE_METHOD_MATCH = YES;
				COPY_PHASE_STRIP = NO;
				DEBUG_INFORMATION_FORMAT = "dwarf-with-dsym";
				ENABLE_NS_ASSERTIONS = NO;
				ENABLE_STRICT_OBJC_MSGSEND = YES;
				GCC_C_LANGUAGE_STANDARD = gnu11;
				GCC_NO_COMMON_BLOCKS = YES;
				GCC_WARN_64_TO_32_BIT_CONVERSION = YES;
				GCC_WARN_ABOUT_RETURN_TYPE = YES_ERROR;
				GCC_WARN_UNDECLARED_SELECTOR = YES;
				GCC_WARN_UNINITIALIZED_AUTOS = YES_AGGRESSIVE;
				GCC_WARN_UNUSED_FUNCTION = YES;
				GCC_WARN_UNUSED_VARIABLE = YES;
				IPHONEOS_DEPLOYMENT_TARGET = 15.5;
				MTL_ENABLE_DEBUG_INFO = NO;
				MTL_FAST_MATH = YES;
				SDKROOT = iphoneos;
				SWIFT_COMPILATION_MODE = wholemodule;
				SWIFT_OPTIMIZATION_LEVEL = "-O";
				VALIDATE_PRODUCT = YES;
			};
			name = Release;
		};
		C719F9802867373C001A8024 /* Debug */ = {
			isa = XCBuildConfiguration;
			buildSettings = {
				ASSETCATALOG_COMPILER_APPICON_NAME = AppIcon;
				ASSETCATALOG_COMPILER_GLOBAL_ACCENT_COLOR_NAME = AccentColor;
				CODE_SIGN_STYLE = Automatic;
				CURRENT_PROJECT_VERSION = 1;
				GENERATE_INFOPLIST_FILE = YES;
				INFOPLIST_FILE = Flickr/Info.plist;
				INFOPLIST_KEY_UIApplicationSupportsIndirectInputEvents = YES;
				INFOPLIST_KEY_UILaunchStoryboardName = LaunchScreen;
				INFOPLIST_KEY_UISupportedInterfaceOrientations_iPad = "UIInterfaceOrientationPortrait UIInterfaceOrientationPortraitUpsideDown UIInterfaceOrientationLandscapeLeft UIInterfaceOrientationLandscapeRight";
				INFOPLIST_KEY_UISupportedInterfaceOrientations_iPhone = "UIInterfaceOrientationPortrait UIInterfaceOrientationLandscapeLeft UIInterfaceOrientationLandscapeRight";
				LD_RUNPATH_SEARCH_PATHS = (
					"$(inherited)",
					"@executable_path/Frameworks",
				);
				MARKETING_VERSION = 1.0;
				PRODUCT_BUNDLE_IDENTIFIER = com.SPB.Boyko.Flickr.Flickr;
				PRODUCT_NAME = "$(TARGET_NAME)";
				SWIFT_EMIT_LOC_STRINGS = YES;
				SWIFT_VERSION = 5.0;
				TARGETED_DEVICE_FAMILY = "1,2";
			};
			name = Debug;
		};
		C719F9812867373C001A8024 /* Release */ = {
			isa = XCBuildConfiguration;
			buildSettings = {
				ASSETCATALOG_COMPILER_APPICON_NAME = AppIcon;
				ASSETCATALOG_COMPILER_GLOBAL_ACCENT_COLOR_NAME = AccentColor;
				CODE_SIGN_STYLE = Automatic;
				CURRENT_PROJECT_VERSION = 1;
				GENERATE_INFOPLIST_FILE = YES;
				INFOPLIST_FILE = Flickr/Info.plist;
				INFOPLIST_KEY_UIApplicationSupportsIndirectInputEvents = YES;
				INFOPLIST_KEY_UILaunchStoryboardName = LaunchScreen;
				INFOPLIST_KEY_UISupportedInterfaceOrientations_iPad = "UIInterfaceOrientationPortrait UIInterfaceOrientationPortraitUpsideDown UIInterfaceOrientationLandscapeLeft UIInterfaceOrientationLandscapeRight";
				INFOPLIST_KEY_UISupportedInterfaceOrientations_iPhone = "UIInterfaceOrientationPortrait UIInterfaceOrientationLandscapeLeft UIInterfaceOrientationLandscapeRight";
				LD_RUNPATH_SEARCH_PATHS = (
					"$(inherited)",
					"@executable_path/Frameworks",
				);
				MARKETING_VERSION = 1.0;
				PRODUCT_BUNDLE_IDENTIFIER = com.SPB.Boyko.Flickr.Flickr;
				PRODUCT_NAME = "$(TARGET_NAME)";
				SWIFT_EMIT_LOC_STRINGS = YES;
				SWIFT_VERSION = 5.0;
				TARGETED_DEVICE_FAMILY = "1,2";
			};
			name = Release;
		};
		C719F9832867373C001A8024 /* Debug */ = {
			isa = XCBuildConfiguration;
			buildSettings = {
				ALWAYS_EMBED_SWIFT_STANDARD_LIBRARIES = YES;
				BUNDLE_LOADER = "$(TEST_HOST)";
				CLANG_ENABLE_MODULES = YES;
				CODE_SIGN_STYLE = Automatic;
				CURRENT_PROJECT_VERSION = 1;
				GENERATE_INFOPLIST_FILE = YES;
				IPHONEOS_DEPLOYMENT_TARGET = 15.5;
				LD_RUNPATH_SEARCH_PATHS = (
					"$(inherited)",
					"@executable_path/Frameworks",
					"@loader_path/Frameworks",
				);
				MARKETING_VERSION = 1.0;
				PRODUCT_BUNDLE_IDENTIFIER = com.SPB.Boyko.Flickr.FlickrTests;
				PRODUCT_NAME = "$(TARGET_NAME)";
				SWIFT_EMIT_LOC_STRINGS = NO;
				SWIFT_OPTIMIZATION_LEVEL = "-Onone";
				SWIFT_VERSION = 5.0;
				TARGETED_DEVICE_FAMILY = "1,2";
				TEST_HOST = "$(BUILT_PRODUCTS_DIR)/Flickr.app/Flickr";
			};
			name = Debug;
		};
		C719F9842867373C001A8024 /* Release */ = {
			isa = XCBuildConfiguration;
			buildSettings = {
				ALWAYS_EMBED_SWIFT_STANDARD_LIBRARIES = YES;
				BUNDLE_LOADER = "$(TEST_HOST)";
				CLANG_ENABLE_MODULES = YES;
				CODE_SIGN_STYLE = Automatic;
				CURRENT_PROJECT_VERSION = 1;
				GENERATE_INFOPLIST_FILE = YES;
				IPHONEOS_DEPLOYMENT_TARGET = 15.5;
				LD_RUNPATH_SEARCH_PATHS = (
					"$(inherited)",
					"@executable_path/Frameworks",
					"@loader_path/Frameworks",
				);
				MARKETING_VERSION = 1.0;
				PRODUCT_BUNDLE_IDENTIFIER = com.SPB.Boyko.Flickr.FlickrTests;
				PRODUCT_NAME = "$(TARGET_NAME)";
				SWIFT_EMIT_LOC_STRINGS = NO;
				SWIFT_VERSION = 5.0;
				TARGETED_DEVICE_FAMILY = "1,2";
				TEST_HOST = "$(BUILT_PRODUCTS_DIR)/Flickr.app/Flickr";
			};
			name = Release;
		};
		C719F9862867373C001A8024 /* Debug */ = {
			isa = XCBuildConfiguration;
			buildSettings = {
				ALWAYS_EMBED_SWIFT_STANDARD_LIBRARIES = YES;
				CODE_SIGN_STYLE = Automatic;
				CURRENT_PROJECT_VERSION = 1;
				GENERATE_INFOPLIST_FILE = YES;
				MARKETING_VERSION = 1.0;
				PRODUCT_BUNDLE_IDENTIFIER = com.SPB.Boyko.Flickr.FlickrUITests;
				PRODUCT_NAME = "$(TARGET_NAME)";
				SWIFT_EMIT_LOC_STRINGS = NO;
				SWIFT_VERSION = 5.0;
				TARGETED_DEVICE_FAMILY = "1,2";
				TEST_TARGET_NAME = Flickr;
			};
			name = Debug;
		};
		C719F9872867373C001A8024 /* Release */ = {
			isa = XCBuildConfiguration;
			buildSettings = {
				ALWAYS_EMBED_SWIFT_STANDARD_LIBRARIES = YES;
				CODE_SIGN_STYLE = Automatic;
				CURRENT_PROJECT_VERSION = 1;
				GENERATE_INFOPLIST_FILE = YES;
				MARKETING_VERSION = 1.0;
				PRODUCT_BUNDLE_IDENTIFIER = com.SPB.Boyko.Flickr.FlickrUITests;
				PRODUCT_NAME = "$(TARGET_NAME)";
				SWIFT_EMIT_LOC_STRINGS = NO;
				SWIFT_VERSION = 5.0;
				TARGETED_DEVICE_FAMILY = "1,2";
				TEST_TARGET_NAME = Flickr;
			};
			name = Release;
		};
/* End XCBuildConfiguration section */

/* Begin XCConfigurationList section */
		C719F9502867373B001A8024 /* Build configuration list for PBXProject "Flickr" */ = {
			isa = XCConfigurationList;
			buildConfigurations = (
				C719F97D2867373C001A8024 /* Debug */,
				C719F97E2867373C001A8024 /* Release */,
			);
			defaultConfigurationIsVisible = 0;
			defaultConfigurationName = Release;
		};
		C719F97F2867373C001A8024 /* Build configuration list for PBXNativeTarget "Flickr" */ = {
			isa = XCConfigurationList;
			buildConfigurations = (
				C719F9802867373C001A8024 /* Debug */,
				C719F9812867373C001A8024 /* Release */,
			);
			defaultConfigurationIsVisible = 0;
			defaultConfigurationName = Release;
		};
		C719F9822867373C001A8024 /* Build configuration list for PBXNativeTarget "FlickrTests" */ = {
			isa = XCConfigurationList;
			buildConfigurations = (
				C719F9832867373C001A8024 /* Debug */,
				C719F9842867373C001A8024 /* Release */,
			);
			defaultConfigurationIsVisible = 0;
			defaultConfigurationName = Release;
		};
		C719F9852867373C001A8024 /* Build configuration list for PBXNativeTarget "FlickrUITests" */ = {
			isa = XCConfigurationList;
			buildConfigurations = (
				C719F9862867373C001A8024 /* Debug */,
				C719F9872867373C001A8024 /* Release */,
			);
			defaultConfigurationIsVisible = 0;
			defaultConfigurationName = Release;
		};
/* End XCConfigurationList section */
	};
	rootObject = C719F94D2867373B001A8024 /* Project object */;
}
