// !$*UTF8*$!
{
	archiveVersion = 1;
	classes = {
	};
	objectVersion = 55;
	objects = {

/* Begin PBXBuildFile section */
		C719F8E72867369E001A8024 /* Tests_iOS.swift in Sources */ = {isa = PBXBuildFile; fileRef = C719F8E62867369E001A8024 /* Tests_iOS.swift */; };
		C719F8E92867369E001A8024 /* Tests_iOSLaunchTests.swift in Sources */ = {isa = PBXBuildFile; fileRef = C719F8E82867369E001A8024 /* Tests_iOSLaunchTests.swift */; };
		C719F8F32867369E001A8024 /* Tests_macOS.swift in Sources */ = {isa = PBXBuildFile; fileRef = C719F8F22867369E001A8024 /* Tests_macOS.swift */; };
		C719F8F52867369E001A8024 /* Tests_macOSLaunchTests.swift in Sources */ = {isa = PBXBuildFile; fileRef = C719F8F42867369E001A8024 /* Tests_macOSLaunchTests.swift */; };
		C719F8F62867369E001A8024 /* FlickrApp.swift in Sources */ = {isa = PBXBuildFile; fileRef = C719F8CE2867369C001A8024 /* FlickrApp.swift */; };
		C719F8F72867369E001A8024 /* FlickrApp.swift in Sources */ = {isa = PBXBuildFile; fileRef = C719F8CE2867369C001A8024 /* FlickrApp.swift */; };
		C719F8F82867369E001A8024 /* ContentView.swift in Sources */ = {isa = PBXBuildFile; fileRef = C719F8CF2867369C001A8024 /* ContentView.swift */; };
		C719F8F92867369E001A8024 /* ContentView.swift in Sources */ = {isa = PBXBuildFile; fileRef = C719F8CF2867369C001A8024 /* ContentView.swift */; };
		C719F8FA2867369E001A8024 /* Assets.xcassets in Resources */ = {isa = PBXBuildFile; fileRef = C719F8D02867369E001A8024 /* Assets.xcassets */; };
		C719F8FB2867369E001A8024 /* Assets.xcassets in Resources */ = {isa = PBXBuildFile; fileRef = C719F8D02867369E001A8024 /* Assets.xcassets */; };
/* End PBXBuildFile section */

/* Begin PBXContainerItemProxy section */
		C719F8E32867369E001A8024 /* PBXContainerItemProxy */ = {
			isa = PBXContainerItemProxy;
			containerPortal = C719F8C92867369C001A8024 /* Project object */;
			proxyType = 1;
			remoteGlobalIDString = C719F8D42867369E001A8024;
			remoteInfo = "Flickr (iOS)";
		};
		C719F8EF2867369E001A8024 /* PBXContainerItemProxy */ = {
			isa = PBXContainerItemProxy;
			containerPortal = C719F8C92867369C001A8024 /* Project object */;
			proxyType = 1;
			remoteGlobalIDString = C719F8DA2867369E001A8024;
			remoteInfo = "Flickr (macOS)";
		};
/* End PBXContainerItemProxy section */

/* Begin PBXFileReference section */
		C719F8CE2867369C001A8024 /* FlickrApp.swift */ = {isa = PBXFileReference; lastKnownFileType = sourcecode.swift; path = FlickrApp.swift; sourceTree = "<group>"; };
		C719F8CF2867369C001A8024 /* ContentView.swift */ = {isa = PBXFileReference; lastKnownFileType = sourcecode.swift; path = ContentView.swift; sourceTree = "<group>"; };
		C719F8D02867369E001A8024 /* Assets.xcassets */ = {isa = PBXFileReference; lastKnownFileType = folder.assetcatalog; path = Assets.xcassets; sourceTree = "<group>"; };
		C719F8D52867369E001A8024 /* Flickr.app */ = {isa = PBXFileReference; explicitFileType = wrapper.application; includeInIndex = 0; path = Flickr.app; sourceTree = BUILT_PRODUCTS_DIR; };
		C719F8DB2867369E001A8024 /* Flickr.app */ = {isa = PBXFileReference; explicitFileType = wrapper.application; includeInIndex = 0; path = Flickr.app; sourceTree = BUILT_PRODUCTS_DIR; };
		C719F8DD2867369E001A8024 /* macOS.entitlements */ = {isa = PBXFileReference; lastKnownFileType = text.plist.entitlements; path = macOS.entitlements; sourceTree = "<group>"; };
		C719F8E22867369E001A8024 /* Tests iOS.xctest */ = {isa = PBXFileReference; explicitFileType = wrapper.cfbundle; includeInIndex = 0; path = "Tests iOS.xctest"; sourceTree = BUILT_PRODUCTS_DIR; };
		C719F8E62867369E001A8024 /* Tests_iOS.swift */ = {isa = PBXFileReference; lastKnownFileType = sourcecode.swift; path = Tests_iOS.swift; sourceTree = "<group>"; };
		C719F8E82867369E001A8024 /* Tests_iOSLaunchTests.swift */ = {isa = PBXFileReference; lastKnownFileType = sourcecode.swift; path = Tests_iOSLaunchTests.swift; sourceTree = "<group>"; };
		C719F8EE2867369E001A8024 /* Tests macOS.xctest */ = {isa = PBXFileReference; explicitFileType = wrapper.cfbundle; includeInIndex = 0; path = "Tests macOS.xctest"; sourceTree = BUILT_PRODUCTS_DIR; };
		C719F8F22867369E001A8024 /* Tests_macOS.swift */ = {isa = PBXFileReference; lastKnownFileType = sourcecode.swift; path = Tests_macOS.swift; sourceTree = "<group>"; };
		C719F8F42867369E001A8024 /* Tests_macOSLaunchTests.swift */ = {isa = PBXFileReference; lastKnownFileType = sourcecode.swift; path = Tests_macOSLaunchTests.swift; sourceTree = "<group>"; };
/* End PBXFileReference section */

/* Begin PBXFrameworksBuildPhase section */
		C719F8D22867369E001A8024 /* Frameworks */ = {
			isa = PBXFrameworksBuildPhase;
			buildActionMask = 2147483647;
			files = (
			);
			runOnlyForDeploymentPostprocessing = 0;
		};
		C719F8D82867369E001A8024 /* Frameworks */ = {
			isa = PBXFrameworksBuildPhase;
			buildActionMask = 2147483647;
			files = (
			);
			runOnlyForDeploymentPostprocessing = 0;
		};
		C719F8DF2867369E001A8024 /* Frameworks */ = {
			isa = PBXFrameworksBuildPhase;
			buildActionMask = 2147483647;
			files = (
			);
			runOnlyForDeploymentPostprocessing = 0;
		};
		C719F8EB2867369E001A8024 /* Frameworks */ = {
			isa = PBXFrameworksBuildPhase;
			buildActionMask = 2147483647;
			files = (
			);
			runOnlyForDeploymentPostprocessing = 0;
		};
/* End PBXFrameworksBuildPhase section */

/* Begin PBXGroup section */
		C719F8C82867369C001A8024 = {
			isa = PBXGroup;
			children = (
				C719F8CD2867369C001A8024 /* Shared */,
				C719F8DC2867369E001A8024 /* macOS */,
				C719F8E52867369E001A8024 /* Tests iOS */,
				C719F8F12867369E001A8024 /* Tests macOS */,
				C719F8D62867369E001A8024 /* Products */,
			);
			sourceTree = "<group>";
		};
		C719F8CD2867369C001A8024 /* Shared */ = {
			isa = PBXGroup;
			children = (
				C719F8CE2867369C001A8024 /* FlickrApp.swift */,
				C719F8CF2867369C001A8024 /* ContentView.swift */,
				C719F8D02867369E001A8024 /* Assets.xcassets */,
			);
			path = Shared;
			sourceTree = "<group>";
		};
		C719F8D62867369E001A8024 /* Products */ = {
			isa = PBXGroup;
			children = (
				C719F8D52867369E001A8024 /* Flickr.app */,
				C719F8DB2867369E001A8024 /* Flickr.app */,
				C719F8E22867369E001A8024 /* Tests iOS.xctest */,
				C719F8EE2867369E001A8024 /* Tests macOS.xctest */,
			);
			name = Products;
			sourceTree = "<group>";
		};
		C719F8DC2867369E001A8024 /* macOS */ = {
			isa = PBXGroup;
			children = (
				C719F8DD2867369E001A8024 /* macOS.entitlements */,
			);
			path = macOS;
			sourceTree = "<group>";
		};
		C719F8E52867369E001A8024 /* Tests iOS */ = {
			isa = PBXGroup;
			children = (
				C719F8E62867369E001A8024 /* Tests_iOS.swift */,
				C719F8E82867369E001A8024 /* Tests_iOSLaunchTests.swift */,
			);
			path = "Tests iOS";
			sourceTree = "<group>";
		};
		C719F8F12867369E001A8024 /* Tests macOS */ = {
			isa = PBXGroup;
			children = (
				C719F8F22867369E001A8024 /* Tests_macOS.swift */,
				C719F8F42867369E001A8024 /* Tests_macOSLaunchTests.swift */,
			);
			path = "Tests macOS";
			sourceTree = "<group>";
		};
/* End PBXGroup section */

/* Begin PBXNativeTarget section */
		C719F8D42867369E001A8024 /* Flickr (iOS) */ = {
			isa = PBXNativeTarget;
			buildConfigurationList = C719F8FE2867369E001A8024 /* Build configuration list for PBXNativeTarget "Flickr (iOS)" */;
			buildPhases = (
				C719F8D12867369E001A8024 /* Sources */,
				C719F8D22867369E001A8024 /* Frameworks */,
				C719F8D32867369E001A8024 /* Resources */,
			);
			buildRules = (
			);
			dependencies = (
			);
			name = "Flickr (iOS)";
			productName = "Flickr (iOS)";
			productReference = C719F8D52867369E001A8024 /* Flickr.app */;
			productType = "com.apple.product-type.application";
		};
		C719F8DA2867369E001A8024 /* Flickr (macOS) */ = {
			isa = PBXNativeTarget;
			buildConfigurationList = C719F9012867369E001A8024 /* Build configuration list for PBXNativeTarget "Flickr (macOS)" */;
			buildPhases = (
				C719F8D72867369E001A8024 /* Sources */,
				C719F8D82867369E001A8024 /* Frameworks */,
				C719F8D92867369E001A8024 /* Resources */,
			);
			buildRules = (
			);
			dependencies = (
			);
			name = "Flickr (macOS)";
			productName = "Flickr (macOS)";
			productReference = C719F8DB2867369E001A8024 /* Flickr.app */;
			productType = "com.apple.product-type.application";
		};
		C719F8E12867369E001A8024 /* Tests iOS */ = {
			isa = PBXNativeTarget;
			buildConfigurationList = C719F9042867369E001A8024 /* Build configuration list for PBXNativeTarget "Tests iOS" */;
			buildPhases = (
				C719F8DE2867369E001A8024 /* Sources */,
				C719F8DF2867369E001A8024 /* Frameworks */,
				C719F8E02867369E001A8024 /* Resources */,
			);
			buildRules = (
			);
			dependencies = (
				C719F8E42867369E001A8024 /* PBXTargetDependency */,
			);
			name = "Tests iOS";
			productName = "Tests iOS";
			productReference = C719F8E22867369E001A8024 /* Tests iOS.xctest */;
			productType = "com.apple.product-type.bundle.ui-testing";
		};
		C719F8ED2867369E001A8024 /* Tests macOS */ = {
			isa = PBXNativeTarget;
			buildConfigurationList = C719F9072867369E001A8024 /* Build configuration list for PBXNativeTarget "Tests macOS" */;
			buildPhases = (
				C719F8EA2867369E001A8024 /* Sources */,
				C719F8EB2867369E001A8024 /* Frameworks */,
				C719F8EC2867369E001A8024 /* Resources */,
			);
			buildRules = (
			);
			dependencies = (
				C719F8F02867369E001A8024 /* PBXTargetDependency */,
			);
			name = "Tests macOS";
			productName = "Tests macOS";
			productReference = C719F8EE2867369E001A8024 /* Tests macOS.xctest */;
			productType = "com.apple.product-type.bundle.ui-testing";
		};
/* End PBXNativeTarget section */

/* Begin PBXProject section */
		C719F8C92867369C001A8024 /* Project object */ = {
			isa = PBXProject;
			attributes = {
				BuildIndependentTargetsInParallel = 1;
				LastSwiftUpdateCheck = 1340;
				LastUpgradeCheck = 1340;
				TargetAttributes = {
					C719F8D42867369E001A8024 = {
						CreatedOnToolsVersion = 13.4.1;
					};
					C719F8DA2867369E001A8024 = {
						CreatedOnToolsVersion = 13.4.1;
					};
					C719F8E12867369E001A8024 = {
						CreatedOnToolsVersion = 13.4.1;
						TestTargetID = C719F8D42867369E001A8024;
					};
					C719F8ED2867369E001A8024 = {
						CreatedOnToolsVersion = 13.4.1;
						TestTargetID = C719F8DA2867369E001A8024;
					};
				};
			};
			buildConfigurationList = C719F8CC2867369C001A8024 /* Build configuration list for PBXProject "Flickr" */;
			compatibilityVersion = "Xcode 13.0";
			developmentRegion = en;
			hasScannedForEncodings = 0;
			knownRegions = (
				en,
				Base,
			);
			mainGroup = C719F8C82867369C001A8024;
			productRefGroup = C719F8D62867369E001A8024 /* Products */;
			projectDirPath = "";
			projectRoot = "";
			targets = (
				C719F8D42867369E001A8024 /* Flickr (iOS) */,
				C719F8DA2867369E001A8024 /* Flickr (macOS) */,
				C719F8E12867369E001A8024 /* Tests iOS */,
				C719F8ED2867369E001A8024 /* Tests macOS */,
			);
		};
/* End PBXProject section */

/* Begin PBXResourcesBuildPhase section */
		C719F8D32867369E001A8024 /* Resources */ = {
			isa = PBXResourcesBuildPhase;
			buildActionMask = 2147483647;
			files = (
				C719F8FA2867369E001A8024 /* Assets.xcassets in Resources */,
			);
			runOnlyForDeploymentPostprocessing = 0;
		};
		C719F8D92867369E001A8024 /* Resources */ = {
			isa = PBXResourcesBuildPhase;
			buildActionMask = 2147483647;
			files = (
				C719F8FB2867369E001A8024 /* Assets.xcassets in Resources */,
			);
			runOnlyForDeploymentPostprocessing = 0;
		};
		C719F8E02867369E001A8024 /* Resources */ = {
			isa = PBXResourcesBuildPhase;
			buildActionMask = 2147483647;
			files = (
			);
			runOnlyForDeploymentPostprocessing = 0;
		};
		C719F8EC2867369E001A8024 /* Resources */ = {
			isa = PBXResourcesBuildPhase;
			buildActionMask = 2147483647;
			files = (
			);
			runOnlyForDeploymentPostprocessing = 0;
		};
/* End PBXResourcesBuildPhase section */

/* Begin PBXSourcesBuildPhase section */
		C719F8D12867369E001A8024 /* Sources */ = {
			isa = PBXSourcesBuildPhase;
			buildActionMask = 2147483647;
			files = (
				C719F8F82867369E001A8024 /* ContentView.swift in Sources */,
				C719F8F62867369E001A8024 /* FlickrApp.swift in Sources */,
			);
			runOnlyForDeploymentPostprocessing = 0;
		};
		C719F8D72867369E001A8024 /* Sources */ = {
			isa = PBXSourcesBuildPhase;
			buildActionMask = 2147483647;
			files = (
				C719F8F92867369E001A8024 /* ContentView.swift in Sources */,
				C719F8F72867369E001A8024 /* FlickrApp.swift in Sources */,
			);
			runOnlyForDeploymentPostprocessing = 0;
		};
		C719F8DE2867369E001A8024 /* Sources */ = {
			isa = PBXSourcesBuildPhase;
			buildActionMask = 2147483647;
			files = (
				C719F8E92867369E001A8024 /* Tests_iOSLaunchTests.swift in Sources */,
				C719F8E72867369E001A8024 /* Tests_iOS.swift in Sources */,
			);
			runOnlyForDeploymentPostprocessing = 0;
		};
		C719F8EA2867369E001A8024 /* Sources */ = {
			isa = PBXSourcesBuildPhase;
			buildActionMask = 2147483647;
			files = (
				C719F8F52867369E001A8024 /* Tests_macOSLaunchTests.swift in Sources */,
				C719F8F32867369E001A8024 /* Tests_macOS.swift in Sources */,
			);
			runOnlyForDeploymentPostprocessing = 0;
		};
/* End PBXSourcesBuildPhase section */

/* Begin PBXTargetDependency section */
		C719F8E42867369E001A8024 /* PBXTargetDependency */ = {
			isa = PBXTargetDependency;
			target = C719F8D42867369E001A8024 /* Flickr (iOS) */;
			targetProxy = C719F8E32867369E001A8024 /* PBXContainerItemProxy */;
		};
		C719F8F02867369E001A8024 /* PBXTargetDependency */ = {
			isa = PBXTargetDependency;
			target = C719F8DA2867369E001A8024 /* Flickr (macOS) */;
			targetProxy = C719F8EF2867369E001A8024 /* PBXContainerItemProxy */;
		};
/* End PBXTargetDependency section */

/* Begin XCBuildConfiguration section */
		C719F8FC2867369E001A8024 /* Debug */ = {
			isa = XCBuildConfiguration;
			buildSettings = {
				ALWAYS_SEARCH_USER_PATHS = NO;
				CLANG_ANALYZER_NONNULL = YES;
				CLANG_ANALYZER_NUMBER_OBJECT_CONVERSION = YES_AGGRESSIVE;
				CLANG_CXX_LANGUAGE_STANDARD = "gnu++17";
				CLANG_ENABLE_MODULES = YES;
				CLANG_ENABLE_OBJC_ARC = YES;
				CLANG_ENABLE_OBJC_WEAK = YES;
				CLANG_WARN_BLOCK_CAPTURE_AUTORELEASING = YES;
				CLANG_WARN_BOOL_CONVERSION = YES;
				CLANG_WARN_COMMA = YES;
				CLANG_WARN_CONSTANT_CONVERSION = YES;
				CLANG_WARN_DEPRECATED_OBJC_IMPLEMENTATIONS = YES;
				CLANG_WARN_DIRECT_OBJC_ISA_USAGE = YES_ERROR;
				CLANG_WARN_DOCUMENTATION_COMMENTS = YES;
				CLANG_WARN_EMPTY_BODY = YES;
				CLANG_WARN_ENUM_CONVERSION = YES;
				CLANG_WARN_INFINITE_RECURSION = YES;
				CLANG_WARN_INT_CONVERSION = YES;
				CLANG_WARN_NON_LITERAL_NULL_CONVERSION = YES;
				CLANG_WARN_OBJC_IMPLICIT_RETAIN_SELF = YES;
				CLANG_WARN_OBJC_LITERAL_CONVERSION = YES;
				CLANG_WARN_OBJC_ROOT_CLASS = YES_ERROR;
				CLANG_WARN_QUOTED_INCLUDE_IN_FRAMEWORK_HEADER = YES;
				CLANG_WARN_RANGE_LOOP_ANALYSIS = YES;
				CLANG_WARN_STRICT_PROTOTYPES = YES;
				CLANG_WARN_SUSPICIOUS_MOVE = YES;
				CLANG_WARN_UNGUARDED_AVAILABILITY = YES_AGGRESSIVE;
				CLANG_WARN_UNREACHABLE_CODE = YES;
				CLANG_WARN__DUPLICATE_METHOD_MATCH = YES;
				COPY_PHASE_STRIP = NO;
				DEBUG_INFORMATION_FORMAT = dwarf;
				ENABLE_STRICT_OBJC_MSGSEND = YES;
				ENABLE_TESTABILITY = YES;
				GCC_C_LANGUAGE_STANDARD = gnu11;
				GCC_DYNAMIC_NO_PIC = NO;
				GCC_NO_COMMON_BLOCKS = YES;
				GCC_OPTIMIZATION_LEVEL = 0;
				GCC_PREPROCESSOR_DEFINITIONS = (
					"DEBUG=1",
					"$(inherited)",
				);
				GCC_WARN_64_TO_32_BIT_CONVERSION = YES;
				GCC_WARN_ABOUT_RETURN_TYPE = YES_ERROR;
				GCC_WARN_UNDECLARED_SELECTOR = YES;
				GCC_WARN_UNINITIALIZED_AUTOS = YES_AGGRESSIVE;
				GCC_WARN_UNUSED_FUNCTION = YES;
				GCC_WARN_UNUSED_VARIABLE = YES;
				MTL_ENABLE_DEBUG_INFO = INCLUDE_SOURCE;
				MTL_FAST_MATH = YES;
				ONLY_ACTIVE_ARCH = YES;
				SWIFT_ACTIVE_COMPILATION_CONDITIONS = DEBUG;
				SWIFT_OPTIMIZATION_LEVEL = "-Onone";
			};
			name = Debug;
		};
		C719F8FD2867369E001A8024 /* Release */ = {
			isa = XCBuildConfiguration;
			buildSettings = {
				ALWAYS_SEARCH_USER_PATHS = NO;
				CLANG_ANALYZER_NONNULL = YES;
				CLANG_ANALYZER_NUMBER_OBJECT_CONVERSION = YES_AGGRESSIVE;
				CLANG_CXX_LANGUAGE_STANDARD = "gnu++17";
				CLANG_ENABLE_MODULES = YES;
				CLANG_ENABLE_OBJC_ARC = YES;
				CLANG_ENABLE_OBJC_WEAK = YES;
				CLANG_WARN_BLOCK_CAPTURE_AUTORELEASING = YES;
				CLANG_WARN_BOOL_CONVERSION = YES;
				CLANG_WARN_COMMA = YES;
				CLANG_WARN_CONSTANT_CONVERSION = YES;
				CLANG_WARN_DEPRECATED_OBJC_IMPLEMENTATIONS = YES;
				CLANG_WARN_DIRECT_OBJC_ISA_USAGE = YES_ERROR;
				CLANG_WARN_DOCUMENTATION_COMMENTS = YES;
				CLANG_WARN_EMPTY_BODY = YES;
				CLANG_WARN_ENUM_CONVERSION = YES;
				CLANG_WARN_INFINITE_RECURSION = YES;
				CLANG_WARN_INT_CONVERSION = YES;
				CLANG_WARN_NON_LITERAL_NULL_CONVERSION = YES;
				CLANG_WARN_OBJC_IMPLICIT_RETAIN_SELF = YES;
				CLANG_WARN_OBJC_LITERAL_CONVERSION = YES;
				CLANG_WARN_OBJC_ROOT_CLASS = YES_ERROR;
				CLANG_WARN_QUOTED_INCLUDE_IN_FRAMEWORK_HEADER = YES;
				CLANG_WARN_RANGE_LOOP_ANALYSIS = YES;
				CLANG_WARN_STRICT_PROTOTYPES = YES;
				CLANG_WARN_SUSPICIOUS_MOVE = YES;
				CLANG_WARN_UNGUARDED_AVAILABILITY = YES_AGGRESSIVE;
				CLANG_WARN_UNREACHABLE_CODE = YES;
				CLANG_WARN__DUPLICATE_METHOD_MATCH = YES;
				COPY_PHASE_STRIP = NO;
				DEBUG_INFORMATION_FORMAT = "dwarf-with-dsym";
				ENABLE_NS_ASSERTIONS = NO;
				ENABLE_STRICT_OBJC_MSGSEND = YES;
				GCC_C_LANGUAGE_STANDARD = gnu11;
				GCC_NO_COMMON_BLOCKS = YES;
				GCC_WARN_64_TO_32_BIT_CONVERSION = YES;
				GCC_WARN_ABOUT_RETURN_TYPE = YES_ERROR;
				GCC_WARN_UNDECLARED_SELECTOR = YES;
				GCC_WARN_UNINITIALIZED_AUTOS = YES_AGGRESSIVE;
				GCC_WARN_UNUSED_FUNCTION = YES;
				GCC_WARN_UNUSED_VARIABLE = YES;
				MTL_ENABLE_DEBUG_INFO = NO;
				MTL_FAST_MATH = YES;
				SWIFT_COMPILATION_MODE = wholemodule;
				SWIFT_OPTIMIZATION_LEVEL = "-O";
			};
			name = Release;
		};
		C719F8FF2867369E001A8024 /* Debug */ = {
			isa = XCBuildConfiguration;
			buildSettings = {
				ASSETCATALOG_COMPILER_APPICON_NAME = AppIcon;
				ASSETCATALOG_COMPILER_GLOBAL_ACCENT_COLOR_NAME = AccentColor;
				CODE_SIGN_STYLE = Automatic;
				CURRENT_PROJECT_VERSION = 1;
				ENABLE_PREVIEWS = YES;
				GENERATE_INFOPLIST_FILE = YES;
				INFOPLIST_KEY_UIApplicationSceneManifest_Generation = YES;
				INFOPLIST_KEY_UIApplicationSupportsIndirectInputEvents = YES;
				INFOPLIST_KEY_UILaunchScreen_Generation = YES;
				INFOPLIST_KEY_UISupportedInterfaceOrientations_iPad = "UIInterfaceOrientationPortrait UIInterfaceOrientationPortraitUpsideDown UIInterfaceOrientationLandscapeLeft UIInterfaceOrientationLandscapeRight";
				INFOPLIST_KEY_UISupportedInterfaceOrientations_iPhone = "UIInterfaceOrientationPortrait UIInterfaceOrientationLandscapeLeft UIInterfaceOrientationLandscapeRight";
				IPHONEOS_DEPLOYMENT_TARGET = 15.5;
				LD_RUNPATH_SEARCH_PATHS = (
					"$(inherited)",
					"@executable_path/Frameworks",
				);
				MARKETING_VERSION = 1.0;
				PRODUCT_BUNDLE_IDENTIFIER = com.SPB.Boyko.Flickr.Flickr;
				PRODUCT_NAME = Flickr;
				SDKROOT = iphoneos;
				SWIFT_EMIT_LOC_STRINGS = YES;
				SWIFT_VERSION = 5.0;
				TARGETED_DEVICE_FAMILY = "1,2";
			};
			name = Debug;
		};
		C719F9002867369E001A8024 /* Release */ = {
			isa = XCBuildConfiguration;
			buildSettings = {
				ASSETCATALOG_COMPILER_APPICON_NAME = AppIcon;
				ASSETCATALOG_COMPILER_GLOBAL_ACCENT_COLOR_NAME = AccentColor;
				CODE_SIGN_STYLE = Automatic;
				CURRENT_PROJECT_VERSION = 1;
				ENABLE_PREVIEWS = YES;
				GENERATE_INFOPLIST_FILE = YES;
				INFOPLIST_KEY_UIApplicationSceneManifest_Generation = YES;
				INFOPLIST_KEY_UIApplicationSupportsIndirectInputEvents = YES;
				INFOPLIST_KEY_UILaunchScreen_Generation = YES;
				INFOPLIST_KEY_UISupportedInterfaceOrientations_iPad = "UIInterfaceOrientationPortrait UIInterfaceOrientationPortraitUpsideDown UIInterfaceOrientationLandscapeLeft UIInterfaceOrientationLandscapeRight";
				INFOPLIST_KEY_UISupportedInterfaceOrientations_iPhone = "UIInterfaceOrientationPortrait UIInterfaceOrientationLandscapeLeft UIInterfaceOrientationLandscapeRight";
				IPHONEOS_DEPLOYMENT_TARGET = 15.5;
				LD_RUNPATH_SEARCH_PATHS = (
					"$(inherited)",
					"@executable_path/Frameworks",
				);
				MARKETING_VERSION = 1.0;
				PRODUCT_BUNDLE_IDENTIFIER = com.SPB.Boyko.Flickr.Flickr;
				PRODUCT_NAME = Flickr;
				SDKROOT = iphoneos;
				SWIFT_EMIT_LOC_STRINGS = YES;
				SWIFT_VERSION = 5.0;
				TARGETED_DEVICE_FAMILY = "1,2";
				VALIDATE_PRODUCT = YES;
			};
			name = Release;
		};
		C719F9022867369E001A8024 /* Debug */ = {
			isa = XCBuildConfiguration;
			buildSettings = {
				ASSETCATALOG_COMPILER_APPICON_NAME = AppIcon;
				ASSETCATALOG_COMPILER_GLOBAL_ACCENT_COLOR_NAME = AccentColor;
				CODE_SIGN_ENTITLEMENTS = macOS/macOS.entitlements;
				CODE_SIGN_STYLE = Automatic;
				COMBINE_HIDPI_IMAGES = YES;
				CURRENT_PROJECT_VERSION = 1;
				ENABLE_PREVIEWS = YES;
				GENERATE_INFOPLIST_FILE = YES;
				INFOPLIST_KEY_NSHumanReadableCopyright = "";
				LD_RUNPATH_SEARCH_PATHS = (
					"$(inherited)",
					"@executable_path/../Frameworks",
				);
				MACOSX_DEPLOYMENT_TARGET = 12.3;
				MARKETING_VERSION = 1.0;
				PRODUCT_BUNDLE_IDENTIFIER = com.SPB.Boyko.Flickr.Flickr;
				PRODUCT_NAME = Flickr;
				SDKROOT = macosx;
				SWIFT_EMIT_LOC_STRINGS = YES;
				SWIFT_VERSION = 5.0;
			};
			name = Debug;
		};
		C719F9032867369E001A8024 /* Release */ = {
			isa = XCBuildConfiguration;
			buildSettings = {
				ASSETCATALOG_COMPILER_APPICON_NAME = AppIcon;
				ASSETCATALOG_COMPILER_GLOBAL_ACCENT_COLOR_NAME = AccentColor;
				CODE_SIGN_ENTITLEMENTS = macOS/macOS.entitlements;
				CODE_SIGN_STYLE = Automatic;
				COMBINE_HIDPI_IMAGES = YES;
				CURRENT_PROJECT_VERSION = 1;
				ENABLE_PREVIEWS = YES;
				GENERATE_INFOPLIST_FILE = YES;
				INFOPLIST_KEY_NSHumanReadableCopyright = "";
				LD_RUNPATH_SEARCH_PATHS = (
					"$(inherited)",
					"@executable_path/../Frameworks",
				);
				MACOSX_DEPLOYMENT_TARGET = 12.3;
				MARKETING_VERSION = 1.0;
				PRODUCT_BUNDLE_IDENTIFIER = com.SPB.Boyko.Flickr.Flickr;
				PRODUCT_NAME = Flickr;
				SDKROOT = macosx;
				SWIFT_EMIT_LOC_STRINGS = YES;
				SWIFT_VERSION = 5.0;
			};
			name = Release;
		};
		C719F9052867369E001A8024 /* Debug */ = {
			isa = XCBuildConfiguration;
			buildSettings = {
				ALWAYS_EMBED_SWIFT_STANDARD_LIBRARIES = YES;
				CODE_SIGN_STYLE = Automatic;
				CURRENT_PROJECT_VERSION = 1;
				GENERATE_INFOPLIST_FILE = YES;
				IPHONEOS_DEPLOYMENT_TARGET = 15.5;
				MARKETING_VERSION = 1.0;
				PRODUCT_BUNDLE_IDENTIFIER = "com.SPB.Boyko.Flickr.Tests-iOS";
				PRODUCT_NAME = "$(TARGET_NAME)";
				SDKROOT = iphoneos;
				SWIFT_EMIT_LOC_STRINGS = NO;
				SWIFT_VERSION = 5.0;
				TARGETED_DEVICE_FAMILY = "1,2";
				TEST_TARGET_NAME = "Flickr (iOS)";
			};
			name = Debug;
		};
		C719F9062867369E001A8024 /* Release */ = {
			isa = XCBuildConfiguration;
			buildSettings = {
				ALWAYS_EMBED_SWIFT_STANDARD_LIBRARIES = YES;
				CODE_SIGN_STYLE = Automatic;
				CURRENT_PROJECT_VERSION = 1;
				GENERATE_INFOPLIST_FILE = YES;
				IPHONEOS_DEPLOYMENT_TARGET = 15.5;
				MARKETING_VERSION = 1.0;
				PRODUCT_BUNDLE_IDENTIFIER = "com.SPB.Boyko.Flickr.Tests-iOS";
				PRODUCT_NAME = "$(TARGET_NAME)";
				SDKROOT = iphoneos;
				SWIFT_EMIT_LOC_STRINGS = NO;
				SWIFT_VERSION = 5.0;
				TARGETED_DEVICE_FAMILY = "1,2";
				TEST_TARGET_NAME = "Flickr (iOS)";
				VALIDATE_PRODUCT = YES;
			};
			name = Release;
		};
		C719F9082867369E001A8024 /* Debug */ = {
			isa = XCBuildConfiguration;
			buildSettings = {
				ALWAYS_EMBED_SWIFT_STANDARD_LIBRARIES = YES;
				CODE_SIGN_STYLE = Automatic;
				CURRENT_PROJECT_VERSION = 1;
				GENERATE_INFOPLIST_FILE = YES;
				MACOSX_DEPLOYMENT_TARGET = 12.3;
				MARKETING_VERSION = 1.0;
				PRODUCT_BUNDLE_IDENTIFIER = "com.SPB.Boyko.Flickr.Tests-macOS";
				PRODUCT_NAME = "$(TARGET_NAME)";
				SDKROOT = macosx;
				SWIFT_EMIT_LOC_STRINGS = NO;
				SWIFT_VERSION = 5.0;
				TEST_TARGET_NAME = "Flickr (macOS)";
			};
			name = Debug;
		};
		C719F9092867369E001A8024 /* Release */ = {
			isa = XCBuildConfiguration;
			buildSettings = {
				ALWAYS_EMBED_SWIFT_STANDARD_LIBRARIES = YES;
				CODE_SIGN_STYLE = Automatic;
				CURRENT_PROJECT_VERSION = 1;
				GENERATE_INFOPLIST_FILE = YES;
				MACOSX_DEPLOYMENT_TARGET = 12.3;
				MARKETING_VERSION = 1.0;
				PRODUCT_BUNDLE_IDENTIFIER = "com.SPB.Boyko.Flickr.Tests-macOS";
				PRODUCT_NAME = "$(TARGET_NAME)";
				SDKROOT = macosx;
				SWIFT_EMIT_LOC_STRINGS = NO;
				SWIFT_VERSION = 5.0;
				TEST_TARGET_NAME = "Flickr (macOS)";
			};
			name = Release;
		};
/* End XCBuildConfiguration section */

/* Begin XCConfigurationList section */
		C719F8CC2867369C001A8024 /* Build configuration list for PBXProject "Flickr" */ = {
			isa = XCConfigurationList;
			buildConfigurations = (
				C719F8FC2867369E001A8024 /* Debug */,
				C719F8FD2867369E001A8024 /* Release */,
			);
			defaultConfigurationIsVisible = 0;
			defaultConfigurationName = Release;
		};
		C719F8FE2867369E001A8024 /* Build configuration list for PBXNativeTarget "Flickr (iOS)" */ = {
			isa = XCConfigurationList;
			buildConfigurations = (
				C719F8FF2867369E001A8024 /* Debug */,
				C719F9002867369E001A8024 /* Release */,
			);
			defaultConfigurationIsVisible = 0;
			defaultConfigurationName = Release;
		};
		C719F9012867369E001A8024 /* Build configuration list for PBXNativeTarget "Flickr (macOS)" */ = {
			isa = XCConfigurationList;
			buildConfigurations = (
				C719F9022867369E001A8024 /* Debug */,
				C719F9032867369E001A8024 /* Release */,
			);
			defaultConfigurationIsVisible = 0;
			defaultConfigurationName = Release;
		};
		C719F9042867369E001A8024 /* Build configuration list for PBXNativeTarget "Tests iOS" */ = {
			isa = XCConfigurationList;
			buildConfigurations = (
				C719F9052867369E001A8024 /* Debug */,
				C719F9062867369E001A8024 /* Release */,
			);
			defaultConfigurationIsVisible = 0;
			defaultConfigurationName = Release;
		};
		C719F9072867369E001A8024 /* Build configuration list for PBXNativeTarget "Tests macOS" */ = {
			isa = XCConfigurationList;
			buildConfigurations = (
				C719F9082867369E001A8024 /* Debug */,
				C719F9092867369E001A8024 /* Release */,
			);
			defaultConfigurationIsVisible = 0;
			defaultConfigurationName = Release;
		};
/* End XCConfigurationList section */
	};
	rootObject = C719F8C92867369C001A8024 /* Project object */;
}
